PODS:
  - Anchorage (3.3.0)
  - Nimble (6.1.0)
  - Quick (1.1.0)
  - Sourcery (0.6.0)
  - SwiftLint (0.18.1)

DEPENDENCIES:
  - Anchorage (~> 3.0)
  - Nimble (~> 6.1)
  - Quick (~> 1.1)
  - Sourcery (~> 0.6)
  - SwiftLint (~> 0.18)

SPEC CHECKSUMS:
  Anchorage: 1444bbd32c4495b32d41c0be9f66efcb0862fe8a
  Nimble: c53e6903fee94041b90ded74f135820437d8bf59
  Quick: dafc587e21eed9f4cab3249b9f9015b0b7a7f71d
  Sourcery: b3a93fcdf9c256feeb16e85f4d1bbf46baa42464
  SwiftLint: b467d08f5b25dc3b3cfed243d8e1b74b91714c67

PODFILE CHECKSUM: f6f157941f5f8fe8a73e20aa12144c86e4474f89

COCOAPODS: 1.2.1
