PODS:
  - Alamofire (4.5.1)
  - Anchorage (4.3)
  - Crashlytics (3.9.0):
    - Fabric (~> 1.7.0)
  - EarlGrey (1.12.1)
  - EarlGreySnapshots (0.0.4):
    - EarlGrey (~> 1.12)
    - FBSnapshotTestCase (~> 2.1)
  - Fabric (1.7.0)
  - FBSnapshotTestCase (2.1.4):
    - FBSnapshotTestCase/SwiftSupport (= 2.1.4)
  - FBSnapshotTestCase/Core (2.1.4)
  - FBSnapshotTestCase/SwiftSupport (2.1.4):
    - FBSnapshotTestCase/Core
  - KeychainAccess (3.1.0)
  - Nimble (7.3.1)
  - Nimble-Snapshots (6.3.0):
    - Nimble-Snapshots/Core (= 6.3.0)
  - Nimble-Snapshots/Core (6.3.0):
    - FBSnapshotTestCase (~> 2.0)
    - Nimble (~> 7.0)
  - PromiseKit (4.4.3):
    - PromiseKit/Foundation (= 4.4.3)
    - PromiseKit/QuartzCore (= 4.4.3)
    - PromiseKit/UIKit (= 4.4.3)
  - PromiseKit/CorePromise (4.4.3)
  - PromiseKit/Foundation (4.4.3):
    - PromiseKit/CorePromise
  - PromiseKit/QuartzCore (4.4.3):
    - PromiseKit/CorePromise
  - PromiseKit/UIKit (4.4.3):
    - PromiseKit/CorePromise
  - PusherSwift (5.0.1)
  - Quick (1.2.0)
  - Reveal-SDK (11)
  - Sourcery (0.9.0)
  - SwiftLint (0.23.1)
  - Swinject (2.1.1)
  - SwinjectAutoregistration (2.1.1):
    - Swinject (~> 2.1)
  - UIColor_Hex_Swift (4.2.0)

DEPENDENCIES:
  - Alamofire (~> 4.4)
  - Anchorage (~> 4.3)
  - Crashlytics (~> 3.8)
  - EarlGrey (~> 1.9)
  - EarlGreySnapshots (~> 0.0.4)
  - Fabric (~> 1.6)
  - FBSnapshotTestCase (~> 2.1)
  - KeychainAccess (~> 3.1)
  - Nimble (~> 7.3)
  - Nimble-Snapshots (~> 6.3.0)
  - PromiseKit (~> 4.0)
  - PusherSwift (~> 5.0.1)
  - Quick (~> 1.2)
  - Reveal-SDK
  - Sourcery (~> 0.9)
  - SwiftLint (~> 0.22)
  - Swinject (~> 2.1.1)
  - SwinjectAutoregistration (~> 2.1.1)
  - UIColor_Hex_Swift (~> 4.2)

SPEC REPOS:
  https://github.com/cocoapods/specs.git:
    - Alamofire
    - Anchorage
    - Crashlytics
    - EarlGrey
    - EarlGreySnapshots
    - Fabric
    - FBSnapshotTestCase
    - KeychainAccess
    - Nimble
    - Nimble-Snapshots
    - PromiseKit
    - PusherSwift
    - Quick
    - Reveal-SDK
    - Sourcery
    - SwiftLint
    - Swinject
    - SwinjectAutoregistration
    - UIColor_Hex_Swift

SPEC CHECKSUMS:
  Alamofire: 2d95912bf4c34f164fdfc335872e8c312acaea4a
  Anchorage: 21a98675245188427f0bcea21404d42a824a766f
  Crashlytics: 64aad5dd97249dd3ff94b979fea140144590cdd3
  EarlGrey: f7774b813c888ebdb9a21e612d67874d17d5a326
  EarlGreySnapshots: ea06383fb185c9d6a6a1d0d55a5b143f755664df
  Fabric: e6be012366472553807dada21243c5ab8d904151
  FBSnapshotTestCase: 094f9f314decbabe373b87cc339bea235a63e07a
  KeychainAccess: 94c5540b32eabf7bc32bfb976a268e8ea05fd6da
  Nimble: 04f732da099ea4d153122aec8c2a88fd0c7219ae
  Nimble-Snapshots: f5459b5b091678dc942d03ec4741cacb58ba4a52
  PromiseKit: fbb52a0d154402c57eeb6eccd36dd7724fcf6117
  PusherSwift: f2e209d3c88ab95153bdc1cdda7a3e5c892127f2
  Quick: 58d203b1c5e27fff7229c4c1ae445ad7069a7a08
  Reveal-SDK: 7fa13d04bb55db61ff2342a990cf731d5159361d
  Sourcery: e3829460a1fa0bcd3b689e6087a89cc063cd2289
  SwiftLint: 1b670ce79284c76520f84060e87d645078fd32fa
  Swinject: afea49fd95f392b41171669f165842879c48fad6
  SwinjectAutoregistration: d06b56bd8f912b9fb9c59c15181342558a734b1b
  UIColor_Hex_Swift: bc07fc197421ee896b9ed6dcfa2054b7fbf75145

PODFILE CHECKSUM: ccaeb9de7e93b4a0ddac2f89a9055f5d2d9946eb

COCOAPODS: 1.5.3
