// !$*UTF8*$!
{
	archiveVersion = 1;
	classes = {
	};
	objectVersion = 46;
	objects = {

/* Begin PBXBuildFile section */
		0F5311200D5341E956D16AC2 /* Pods_FeatureTests.framework in Frameworks */ = {isa = PBXBuildFile; fileRef = 26CF685CFB8E6C77DF6684EB /* Pods_FeatureTests.framework */; };
		501E951C7F5419BDDB3C45B8 /* Pods_ELDebate.framework in Frameworks */ = {isa = PBXBuildFile; fileRef = 7282E72B1080CDA9666AE0A9 /* Pods_ELDebate.framework */; };
		51757128F328010E2BC3E35A /* EarlGrey.framework in Frameworks */ = {isa = PBXBuildFile; fileRef = 5B514A80F4268B66CD30EE8B /* EarlGrey.framework */; };
		6E9119B61EC5B16400B4B14B /* AnswerDeserializerSpec.swift in Sources */ = {isa = PBXBuildFile; fileRef = 6E9119B41EC5B01F00B4B14B /* AnswerDeserializerSpec.swift */; };
		6E9119B91EC5B78800B4B14B /* FetchDebateResponseJSONMock.swift in Sources */ = {isa = PBXBuildFile; fileRef = 6E9119B71EC5B6F400B4B14B /* FetchDebateResponseJSONMock.swift */; };
		6EA7E2911EC466E3002DF55E /* ApiClient.swift in Sources */ = {isa = PBXBuildFile; fileRef = 6EA7E2901EC466E3002DF55E /* ApiClient.swift */; };
		6EA7E2951EC467B1002DF55E /* ApiClientSpec.swift in Sources */ = {isa = PBXBuildFile; fileRef = 6EA7E2931EC466F6002DF55E /* ApiClientSpec.swift */; };
		6EA7E2981EC46906002DF55E /* LoginResponseJSONMock.swift in Sources */ = {isa = PBXBuildFile; fileRef = 6EA7E2961EC468FA002DF55E /* LoginResponseJSONMock.swift */; };
		6EA7E29A1EC4AF09002DF55E /* Debate.swift in Sources */ = {isa = PBXBuildFile; fileRef = 6EA7E2991EC4AF09002DF55E /* Debate.swift */; };
		6EA7E29C1EC4AF75002DF55E /* Answer.swift in Sources */ = {isa = PBXBuildFile; fileRef = 6EA7E29B1EC4AF75002DF55E /* Answer.swift */; };
		6EA7E29E1EC4B115002DF55E /* DebateDeserializer.swift in Sources */ = {isa = PBXBuildFile; fileRef = 6EA7E29D1EC4B115002DF55E /* DebateDeserializer.swift */; };
		6EA7E2A01EC4B11F002DF55E /* AnswerDeserializer.swift in Sources */ = {isa = PBXBuildFile; fileRef = 6EA7E29F1EC4B11F002DF55E /* AnswerDeserializer.swift */; };
		6EA7E2A31EC4B383002DF55E /* DebateDeserializerSpec.swift in Sources */ = {isa = PBXBuildFile; fileRef = 6EA7E2A11EC4B13F002DF55E /* DebateDeserializerSpec.swift */; };
		6EADF5561ECC48BB00488057 /* ErrorAlertController.swift in Sources */ = {isa = PBXBuildFile; fileRef = 6EADF5551ECC48BB00488057 /* ErrorAlertController.swift */; };
		6EADF5591ECC493400488057 /* AlertViewMock.swift in Sources */ = {isa = PBXBuildFile; fileRef = 6EADF5571ECC491B00488057 /* AlertViewMock.swift */; };
		6EADF55C1ECC813A00488057 /* Answer+Default.swift in Sources */ = {isa = PBXBuildFile; fileRef = 6EADF55A1ECC813500488057 /* Answer+Default.swift */; };
		6EADF55E1ECC843A00488057 /* Dictionary+Merging.swift in Sources */ = {isa = PBXBuildFile; fileRef = 6EADF55D1ECC843A00488057 /* Dictionary+Merging.swift */; };
		6EDF433C1ECAEF42004B92BD /* AnswerViewPresenter.swift in Sources */ = {isa = PBXBuildFile; fileRef = 6EDF433B1ECAEF42004B92BD /* AnswerViewPresenter.swift */; };
		6EDF433F1ECAEF83004B92BD /* AnswerViewPresenterSpec.swift in Sources */ = {isa = PBXBuildFile; fileRef = 6EDF433D1ECAEF77004B92BD /* AnswerViewPresenterSpec.swift */; };
		6EDF43411ECAF5E5004B92BD /* AnswerViewMock.swift in Sources */ = {isa = PBXBuildFile; fileRef = 6EDF43401ECAF5E5004B92BD /* AnswerViewMock.swift */; };
		6EDF43481ECB1173004B92BD /* VoteContext.swift in Sources */ = {isa = PBXBuildFile; fileRef = 6EDF43471ECB1173004B92BD /* VoteContext.swift */; };
		6EDF434C1ECB11B0004B92BD /* VoteContextSpec.swift in Sources */ = {isa = PBXBuildFile; fileRef = 6EDF434A1ECB11A9004B92BD /* VoteContextSpec.swift */; };
		6EDF434F1ECB186F004B92BD /* VoteContext+Default.swift in Sources */ = {isa = PBXBuildFile; fileRef = 6EDF434D1ECB181F004B92BD /* VoteContext+Default.swift */; };
		6EF036591EC98E1F00198F01 /* AuthTokenStorage.swift in Sources */ = {isa = PBXBuildFile; fileRef = 6EF036581EC98E1F00198F01 /* AuthTokenStorage.swift */; };
		6EF0365C1EC98F2A00198F01 /* AuthTokenStorageSpec.swift in Sources */ = {isa = PBXBuildFile; fileRef = 6EF0365A1EC98EF400198F01 /* AuthTokenStorageSpec.swift */; };
		6EF0365E1EC9916200198F01 /* KeychainMock.swift in Sources */ = {isa = PBXBuildFile; fileRef = 6EF0365D1EC9916200198F01 /* KeychainMock.swift */; };
		6EF036601EC9A43D00198F01 /* Keychain+KeychainStoring.swift in Sources */ = {isa = PBXBuildFile; fileRef = 6EF0365F1EC9A43D00198F01 /* Keychain+KeychainStoring.swift */; };
		6EF036631EC9B8FA00198F01 /* VoteResponseJSONMock.swift in Sources */ = {isa = PBXBuildFile; fileRef = 6EF036611EC9B8E400198F01 /* VoteResponseJSONMock.swift */; };
		6EF036651EC9BDAD00198F01 /* ApiResponse.swift in Sources */ = {isa = PBXBuildFile; fileRef = 6EF036641EC9BDAD00198F01 /* ApiResponse.swift */; };
		7D874A3B60298E7AC9FA2B27 /* EarlGrey.framework in EarlGrey Copy Files */ = {isa = PBXBuildFile; fileRef = 5B514A80F4268B66CD30EE8B /* EarlGrey.framework */; settings = {ATTRIBUTES = (CodeSignOnCopy, ); }; };
		857114A6CA12F10D014D97B7 /* EarlGrey.swift in Sources */ = {isa = PBXBuildFile; fileRef = 5E731B8E095FCF71F2FAD8A0 /* EarlGrey.swift */; };
		8C0D62FF1EC5C8A400421B89 /* ControllerConfigurator.swift in Sources */ = {isa = PBXBuildFile; fileRef = 8C0D62FE1EC5C8A400421B89 /* ControllerConfigurator.swift */; };
		8C0D63021EC5DAEB00421B89 /* ControllerConfiguratorSpec.swift in Sources */ = {isa = PBXBuildFile; fileRef = 8C0D63001EC5DACE00421B89 /* ControllerConfiguratorSpec.swift */; };
		8C0D63071EC5DD2E00421B89 /* AnswerViewController.swift in Sources */ = {isa = PBXBuildFile; fileRef = 8C0D63061EC5DD2E00421B89 /* AnswerViewController.swift */; };
		8C0D63091EC5DD4100421B89 /* AnswerAssembly.swift in Sources */ = {isa = PBXBuildFile; fileRef = 8C0D63081EC5DD4100421B89 /* AnswerAssembly.swift */; };
		8C127C7B1EC4941000E9B5FD /* ControllerFactory.swift in Sources */ = {isa = PBXBuildFile; fileRef = 8C127C7A1EC4941000E9B5FD /* ControllerFactory.swift */; };
		8C127C7D1EC4965E00E9B5FD /* PinEntryAssembly.swift in Sources */ = {isa = PBXBuildFile; fileRef = 8C127C7C1EC4965E00E9B5FD /* PinEntryAssembly.swift */; };
		8C127C811EC49A4800E9B5FD /* ControllerProviding.swift in Sources */ = {isa = PBXBuildFile; fileRef = 8C127C801EC49A4800E9B5FD /* ControllerProviding.swift */; };
		8C127C841EC49B2F00E9B5FD /* ControllerFactoryMock.swift in Sources */ = {isa = PBXBuildFile; fileRef = 8C127C821EC49B2900E9B5FD /* ControllerFactoryMock.swift */; };
		8C127C871EC4A06C00E9B5FD /* PinEntryView.swift in Sources */ = {isa = PBXBuildFile; fileRef = 8C127C861EC4A06C00E9B5FD /* PinEntryView.swift */; };
		8C127C8A1EC4A0D100E9B5FD /* PinEntryWelcomeView.swift in Sources */ = {isa = PBXBuildFile; fileRef = 8C127C891EC4A0D100E9B5FD /* PinEntryWelcomeView.swift */; };
		8C127C8C1EC4A0DE00E9B5FD /* Views.swift in Sources */ = {isa = PBXBuildFile; fileRef = 8C127C8B1EC4A0DE00E9B5FD /* Views.swift */; };
		8C127C8F1EC4A23D00E9B5FD /* Image.swift in Sources */ = {isa = PBXBuildFile; fileRef = 8C127C8E1EC4A23D00E9B5FD /* Image.swift */; };
		8C1917FE1EC3600F00519DC8 /* Route.swift in Sources */ = {isa = PBXBuildFile; fileRef = 8C1917FD1EC3600F00519DC8 /* Route.swift */; };
		8C1918001EC3602A00519DC8 /* Router.swift in Sources */ = {isa = PBXBuildFile; fileRef = 8C1917FF1EC3602A00519DC8 /* Router.swift */; };
		8C24463D1ECD862400E87DB1 /* VerifySnapshotAction.swift in Sources */ = {isa = PBXBuildFile; fileRef = 8C24463C1ECD862400E87DB1 /* VerifySnapshotAction.swift */; };
		8C464F0A1EC5E537009DD7BF /* AnswerView.swift in Sources */ = {isa = PBXBuildFile; fileRef = 8C464F091EC5E537009DD7BF /* AnswerView.swift */; };
		8C6127E51EC9AED9003472A3 /* AnswerViewControllerSpec.swift in Sources */ = {isa = PBXBuildFile; fileRef = 8C6127E31EC9AED0003472A3 /* AnswerViewControllerSpec.swift */; };
		8C6127E71EC9BEA6003472A3 /* QuestionFrameView.swift in Sources */ = {isa = PBXBuildFile; fileRef = 8C6127E61EC9BEA6003472A3 /* QuestionFrameView.swift */; };
		8C6127E91EC9BF8E003472A3 /* AnswersListView.swift in Sources */ = {isa = PBXBuildFile; fileRef = 8C6127E81EC9BF8E003472A3 /* AnswersListView.swift */; };
		8C6127ED1EC9E520003472A3 /* LoginActionHandlerSpec.swift in Sources */ = {isa = PBXBuildFile; fileRef = 8C6127EB1EC9E516003472A3 /* LoginActionHandlerSpec.swift */; };
		8C6127EF1EC9E71B003472A3 /* LoginActionHandler.swift in Sources */ = {isa = PBXBuildFile; fileRef = 8C6127EE1EC9E71B003472A3 /* LoginActionHandler.swift */; };
		8C6127F21EC9E904003472A3 /* AuthTokenStorageStub.swift in Sources */ = {isa = PBXBuildFile; fileRef = 8C6127F01EC9E8FF003472A3 /* AuthTokenStorageStub.swift */; };
		8C6127F61EC9F7B7003472A3 /* Debate+Default.swift in Sources */ = {isa = PBXBuildFile; fileRef = 8C6127F41EC9F7A5003472A3 /* Debate+Default.swift */; };
		8C63FA061EC371170080FFF9 /* MainWindowFactorySpec.swift in Sources */ = {isa = PBXBuildFile; fileRef = 8C63FA051EC371170080FFF9 /* MainWindowFactorySpec.swift */; };
		8C63FA091EC3755C0080FFF9 /* MainWindowFactory.swift in Sources */ = {isa = PBXBuildFile; fileRef = 8C63FA071EC374F50080FFF9 /* MainWindowFactory.swift */; };
		8C63FA0B1EC3767F0080FFF9 /* AppDelegateSpec.swift in Sources */ = {isa = PBXBuildFile; fileRef = 8C63FA0A1EC3767F0080FFF9 /* AppDelegateSpec.swift */; };
		8C63FA101EC379D20080FFF9 /* AutoMockable.swift in Sources */ = {isa = PBXBuildFile; fileRef = 8C63FA0E1EC379B90080FFF9 /* AutoMockable.swift */; };
		8C63FA121EC379F30080FFF9 /* AutoMockable.generated.swift in Sources */ = {isa = PBXBuildFile; fileRef = 8C63FA111EC379F30080FFF9 /* AutoMockable.generated.swift */; };
		8C63FA151EC37BF90080FFF9 /* Assembler+Assemblies.swift in Sources */ = {isa = PBXBuildFile; fileRef = 8C63FA141EC37BF90080FFF9 /* Assembler+Assemblies.swift */; };
		8C63FA171EC37C1D0080FFF9 /* MainAssembly.swift in Sources */ = {isa = PBXBuildFile; fileRef = 8C63FA161EC37C1D0080FFF9 /* MainAssembly.swift */; };
		8C63FA1A1EC383890080FFF9 /* RouterMock.swift in Sources */ = {isa = PBXBuildFile; fileRef = 8C63FA181EC382820080FFF9 /* RouterMock.swift */; };
		8C664A121EC45FFD0017687F /* JSONResponseProviding.swift in Sources */ = {isa = PBXBuildFile; fileRef = 8C664A111EC45FFD0017687F /* JSONResponseProviding.swift */; };
		8C664A141EC464130017687F /* RequestExecuting.swift in Sources */ = {isa = PBXBuildFile; fileRef = 8C664A131EC464130017687F /* RequestExecuting.swift */; };
		8C664A171EC48F370017687F /* Deserializer.swift in Sources */ = {isa = PBXBuildFile; fileRef = 8C664A161EC48F370017687F /* Deserializer.swift */; };
		8C664A191EC48F7A0017687F /* RequestError.swift in Sources */ = {isa = PBXBuildFile; fileRef = 8C664A181EC48F7A0017687F /* RequestError.swift */; };
		8C664A1B1EC490820017687F /* AuthTokenDeserializer.swift in Sources */ = {isa = PBXBuildFile; fileRef = 8C664A1A1EC490820017687F /* AuthTokenDeserializer.swift */; };
		8C664A1F1EC490BB0017687F /* AuthTokenDeserializerSpec.swift in Sources */ = {isa = PBXBuildFile; fileRef = 8C664A1D1EC490B60017687F /* AuthTokenDeserializerSpec.swift */; };
		8C6DA02C1EC58CFA00D31E76 /* Color.swift in Sources */ = {isa = PBXBuildFile; fileRef = 8C6DA02B1EC58CFA00D31E76 /* Color.swift */; };
		8C6DA02E1EC58D9200D31E76 /* UIColor+Predefined.swift in Sources */ = {isa = PBXBuildFile; fileRef = 8C6DA02D1EC58D9200D31E76 /* UIColor+Predefined.swift */; };
		8C6DA0301EC58E5500D31E76 /* UIImage+Predefined.swift in Sources */ = {isa = PBXBuildFile; fileRef = 8C6DA02F1EC58E5500D31E76 /* UIImage+Predefined.swift */; };
		8C6DA0321EC590E500D31E76 /* NavigationControllerFactory.swift in Sources */ = {isa = PBXBuildFile; fileRef = 8C6DA0311EC590E500D31E76 /* NavigationControllerFactory.swift */; };
		8C6DA0351EC5915800D31E76 /* NavigationControllerFactorySpec.swift in Sources */ = {isa = PBXBuildFile; fileRef = 8C6DA0331EC5913200D31E76 /* NavigationControllerFactorySpec.swift */; };
		8C6DA0371EC5943400D31E76 /* PinEntryCodeField.swift in Sources */ = {isa = PBXBuildFile; fileRef = 8C6DA0361EC5943400D31E76 /* PinEntryCodeField.swift */; };
		8C6DA03B1EC599E300D31E76 /* PinEntryViewControllerSpec.swift in Sources */ = {isa = PBXBuildFile; fileRef = 8C6DA0391EC599DF00D31E76 /* PinEntryViewControllerSpec.swift */; };
		8C6DA03D1EC59B3800D31E76 /* CurrentYearCalculator.swift in Sources */ = {isa = PBXBuildFile; fileRef = 8C6DA03C1EC59B3800D31E76 /* CurrentYearCalculator.swift */; };
		8C6DA0411EC59B7F00D31E76 /* CurrentYearCalculatorSpec.swift in Sources */ = {isa = PBXBuildFile; fileRef = 8C6DA03F1EC59B7100D31E76 /* CurrentYearCalculatorSpec.swift */; };
		8C6DA0441EC59D8500D31E76 /* CurrentYearCalculatorMock.swift in Sources */ = {isa = PBXBuildFile; fileRef = 8C6DA0421EC59D7F00D31E76 /* CurrentYearCalculatorMock.swift */; };
		8C6DA0461EC5AAAF00D31E76 /* PinEntryControllerProviding.swift in Sources */ = {isa = PBXBuildFile; fileRef = 8C6DA0451EC5AAAF00D31E76 /* PinEntryControllerProviding.swift */; };
		8C6DA0491EC5AC9F00D31E76 /* APIProviderStub.swift in Sources */ = {isa = PBXBuildFile; fileRef = 8C6DA0471EC5AC6E00D31E76 /* APIProviderStub.swift */; };
		8C6EC6451ECC422F009E0FBC /* AnswerScreenTests.swift in Sources */ = {isa = PBXBuildFile; fileRef = 8C6EC6441ECC422F009E0FBC /* AnswerScreenTests.swift */; };
		8C7E8D4B1EC9A17300B525C1 /* QuestionView.swift in Sources */ = {isa = PBXBuildFile; fileRef = 8C7E8D4A1EC9A17300B525C1 /* QuestionView.swift */; };
		8C85D8511EC34FC100C5BAE7 /* AppDelegate.swift in Sources */ = {isa = PBXBuildFile; fileRef = 8C85D8461EC34FC100C5BAE7 /* AppDelegate.swift */; };
		8C85D8521EC34FC100C5BAE7 /* Assets.xcassets in Resources */ = {isa = PBXBuildFile; fileRef = 8C85D8471EC34FC100C5BAE7 /* Assets.xcassets */; };
		8C85D8531EC34FC100C5BAE7 /* LaunchScreen.storyboard in Resources */ = {isa = PBXBuildFile; fileRef = 8C85D8481EC34FC100C5BAE7 /* LaunchScreen.storyboard */; };
		8CAD324D1EC36B5F00830E72 /* PinEntryViewController.swift in Sources */ = {isa = PBXBuildFile; fileRef = 8CAD324C1EC36B5F00830E72 /* PinEntryViewController.swift */; };
		8CB3AF5C1EC36EA7005EEDC7 /* RouterSpec.swift in Sources */ = {isa = PBXBuildFile; fileRef = 8C1918011EC360F100519DC8 /* RouterSpec.swift */; };
		8CB42CF11EC5F34F007E61F6 /* AnswerPicker.swift in Sources */ = {isa = PBXBuildFile; fileRef = 8CB42CF01EC5F34F007E61F6 /* AnswerPicker.swift */; };
		8CD371A91EC5EAC500203620 /* SingleAnswerView.swift in Sources */ = {isa = PBXBuildFile; fileRef = 8CD371A81EC5EAC500203620 /* SingleAnswerView.swift */; };
		8CD371AB1EC5EDDF00203620 /* ThumbsUpView.swift in Sources */ = {isa = PBXBuildFile; fileRef = 8CD371AA1EC5EDDF00203620 /* ThumbsUpView.swift */; };
		8CD5F6491ECC77720067BFC7 /* Promise+APIResponse.swift in Sources */ = {isa = PBXBuildFile; fileRef = 8CD5F6481ECC77720067BFC7 /* Promise+APIResponse.swift */; };
		8CD5F64B1ECC85DC0067BFC7 /* Dictionary+Mapping.swift in Sources */ = {isa = PBXBuildFile; fileRef = 8CD5F64A1ECC85DC0067BFC7 /* Dictionary+Mapping.swift */; };
		8CD5F64E1ECC86500067BFC7 /* DictionaryMappingSpec.swift in Sources */ = {isa = PBXBuildFile; fileRef = 8CD5F64D1ECC86500067BFC7 /* DictionaryMappingSpec.swift */; };
		8CD5F6501ECC8D3E0067BFC7 /* DictionaryMergingSpec.swift in Sources */ = {isa = PBXBuildFile; fileRef = 8CD5F64F1ECC8D3E0067BFC7 /* DictionaryMergingSpec.swift */; };
		8CD5F6521ECC8DB20067BFC7 /* Dictionary+Merging.swift in Sources */ = {isa = PBXBuildFile; fileRef = 8CD5F6511ECC8DB20067BFC7 /* Dictionary+Merging.swift */; };
		8CDF217E1ECAFE4F002B4FA4 /* PinEntryScreenTests.swift in Sources */ = {isa = PBXBuildFile; fileRef = 8CDF217D1ECAFE4F002B4FA4 /* PinEntryScreenTests.swift */; };
		8CDF21811ECB11EB002B4FA4 /* HasPlaceholder.swift in Sources */ = {isa = PBXBuildFile; fileRef = 8CDF21801ECB11EB002B4FA4 /* HasPlaceholder.swift */; };
		AB2A8D469E4277C68D64F2AE /* Pods_ELDebateTests.framework in Frameworks */ = {isa = PBXBuildFile; fileRef = 06DCA5AB659775BB4F7FD239 /* Pods_ELDebateTests.framework */; };
/* End PBXBuildFile section */

/* Begin PBXContainerItemProxy section */
		8CB3AF571EC36E92005EEDC7 /* PBXContainerItemProxy */ = {
			isa = PBXContainerItemProxy;
			containerPortal = 8CAD34D71EC34F5E00468C87 /* Project object */;
			proxyType = 1;
			remoteGlobalIDString = 8CAD34DE1EC34F5E00468C87;
			remoteInfo = ELDebate;
		};
		8CDF21781ECAFB91002B4FA4 /* PBXContainerItemProxy */ = {
			isa = PBXContainerItemProxy;
			containerPortal = 8CAD34D71EC34F5E00468C87 /* Project object */;
			proxyType = 1;
			remoteGlobalIDString = 8CAD34DE1EC34F5E00468C87;
			remoteInfo = ELDebate;
		};
/* End PBXContainerItemProxy section */

/* Begin PBXCopyFilesBuildPhase section */
		9C4DE1A546D513410B434565 /* EarlGrey Copy Files */ = {
			isa = PBXCopyFilesBuildPhase;
			buildActionMask = 2147483647;
			dstPath = "$(TEST_HOST)/../";
			dstSubfolderSpec = 0;
			files = (
				7D874A3B60298E7AC9FA2B27 /* EarlGrey.framework in EarlGrey Copy Files */,
			);
			name = "EarlGrey Copy Files";
			runOnlyForDeploymentPostprocessing = 0;
		};
/* End PBXCopyFilesBuildPhase section */

/* Begin PBXFileReference section */
		06DCA5AB659775BB4F7FD239 /* Pods_ELDebateTests.framework */ = {isa = PBXFileReference; explicitFileType = wrapper.framework; includeInIndex = 0; path = Pods_ELDebateTests.framework; sourceTree = BUILT_PRODUCTS_DIR; };
		19E287EA4ED2A64F83F5A9CB /* Pods-ELDebateTests.debug.xcconfig */ = {isa = PBXFileReference; includeInIndex = 1; lastKnownFileType = text.xcconfig; name = "Pods-ELDebateTests.debug.xcconfig"; path = "Pods/Target Support Files/Pods-ELDebateTests/Pods-ELDebateTests.debug.xcconfig"; sourceTree = "<group>"; };
		26CF685CFB8E6C77DF6684EB /* Pods_FeatureTests.framework */ = {isa = PBXFileReference; explicitFileType = wrapper.framework; includeInIndex = 0; path = Pods_FeatureTests.framework; sourceTree = BUILT_PRODUCTS_DIR; };
		503584F6E31E132E68AE9835 /* Pods-ELDebateTests.release.xcconfig */ = {isa = PBXFileReference; includeInIndex = 1; lastKnownFileType = text.xcconfig; name = "Pods-ELDebateTests.release.xcconfig"; path = "Pods/Target Support Files/Pods-ELDebateTests/Pods-ELDebateTests.release.xcconfig"; sourceTree = "<group>"; };
		5B514A80F4268B66CD30EE8B /* EarlGrey.framework */ = {isa = PBXFileReference; lastKnownFileType = wrapper.framework; name = EarlGrey.framework; path = "${SRCROOT}/Pods/EarlGrey/EarlGrey/EarlGrey.framework"; sourceTree = SRCROOT; };
		5E731B8E095FCF71F2FAD8A0 /* EarlGrey.swift */ = {isa = PBXFileReference; includeInIndex = 1; lastKnownFileType = sourcecode.swift; path = EarlGrey.swift; sourceTree = "<group>"; };
		5F67AEB94008F68BD181A24A /* Pods-ELDebate.release.xcconfig */ = {isa = PBXFileReference; includeInIndex = 1; lastKnownFileType = text.xcconfig; name = "Pods-ELDebate.release.xcconfig"; path = "Pods/Target Support Files/Pods-ELDebate/Pods-ELDebate.release.xcconfig"; sourceTree = "<group>"; };
		6E9119B41EC5B01F00B4B14B /* AnswerDeserializerSpec.swift */ = {isa = PBXFileReference; fileEncoding = 4; lastKnownFileType = sourcecode.swift; path = AnswerDeserializerSpec.swift; sourceTree = "<group>"; };
		6E9119B71EC5B6F400B4B14B /* FetchDebateResponseJSONMock.swift */ = {isa = PBXFileReference; fileEncoding = 4; lastKnownFileType = sourcecode.swift; path = FetchDebateResponseJSONMock.swift; sourceTree = "<group>"; };
		6EA7E2901EC466E3002DF55E /* ApiClient.swift */ = {isa = PBXFileReference; fileEncoding = 4; lastKnownFileType = sourcecode.swift; path = ApiClient.swift; sourceTree = "<group>"; };
		6EA7E2931EC466F6002DF55E /* ApiClientSpec.swift */ = {isa = PBXFileReference; fileEncoding = 4; lastKnownFileType = sourcecode.swift; path = ApiClientSpec.swift; sourceTree = "<group>"; };
		6EA7E2961EC468FA002DF55E /* LoginResponseJSONMock.swift */ = {isa = PBXFileReference; fileEncoding = 4; lastKnownFileType = sourcecode.swift; path = LoginResponseJSONMock.swift; sourceTree = "<group>"; };
		6EA7E2991EC4AF09002DF55E /* Debate.swift */ = {isa = PBXFileReference; fileEncoding = 4; lastKnownFileType = sourcecode.swift; path = Debate.swift; sourceTree = "<group>"; };
		6EA7E29B1EC4AF75002DF55E /* Answer.swift */ = {isa = PBXFileReference; fileEncoding = 4; lastKnownFileType = sourcecode.swift; path = Answer.swift; sourceTree = "<group>"; };
		6EA7E29D1EC4B115002DF55E /* DebateDeserializer.swift */ = {isa = PBXFileReference; fileEncoding = 4; lastKnownFileType = sourcecode.swift; path = DebateDeserializer.swift; sourceTree = "<group>"; };
		6EA7E29F1EC4B11F002DF55E /* AnswerDeserializer.swift */ = {isa = PBXFileReference; fileEncoding = 4; lastKnownFileType = sourcecode.swift; path = AnswerDeserializer.swift; sourceTree = "<group>"; };
		6EA7E2A11EC4B13F002DF55E /* DebateDeserializerSpec.swift */ = {isa = PBXFileReference; fileEncoding = 4; lastKnownFileType = sourcecode.swift; path = DebateDeserializerSpec.swift; sourceTree = "<group>"; };
		6EADF5551ECC48BB00488057 /* ErrorAlertController.swift */ = {isa = PBXFileReference; fileEncoding = 4; lastKnownFileType = sourcecode.swift; path = ErrorAlertController.swift; sourceTree = "<group>"; };
		6EADF5571ECC491B00488057 /* AlertViewMock.swift */ = {isa = PBXFileReference; fileEncoding = 4; lastKnownFileType = sourcecode.swift; path = AlertViewMock.swift; sourceTree = "<group>"; };
		6EADF55A1ECC813500488057 /* Answer+Default.swift */ = {isa = PBXFileReference; fileEncoding = 4; lastKnownFileType = sourcecode.swift; path = "Answer+Default.swift"; sourceTree = "<group>"; };
		6EADF55D1ECC843A00488057 /* Dictionary+Merging.swift */ = {isa = PBXFileReference; fileEncoding = 4; lastKnownFileType = sourcecode.swift; path = "Dictionary+Merging.swift"; sourceTree = "<group>"; };
		6EDF433B1ECAEF42004B92BD /* AnswerViewPresenter.swift */ = {isa = PBXFileReference; fileEncoding = 4; lastKnownFileType = sourcecode.swift; path = AnswerViewPresenter.swift; sourceTree = "<group>"; };
		6EDF433D1ECAEF77004B92BD /* AnswerViewPresenterSpec.swift */ = {isa = PBXFileReference; fileEncoding = 4; lastKnownFileType = sourcecode.swift; path = AnswerViewPresenterSpec.swift; sourceTree = "<group>"; };
		6EDF43401ECAF5E5004B92BD /* AnswerViewMock.swift */ = {isa = PBXFileReference; fileEncoding = 4; lastKnownFileType = sourcecode.swift; path = AnswerViewMock.swift; sourceTree = "<group>"; };
		6EDF43471ECB1173004B92BD /* VoteContext.swift */ = {isa = PBXFileReference; fileEncoding = 4; lastKnownFileType = sourcecode.swift; path = VoteContext.swift; sourceTree = "<group>"; };
		6EDF434A1ECB11A9004B92BD /* VoteContextSpec.swift */ = {isa = PBXFileReference; fileEncoding = 4; lastKnownFileType = sourcecode.swift; path = VoteContextSpec.swift; sourceTree = "<group>"; };
		6EDF434D1ECB181F004B92BD /* VoteContext+Default.swift */ = {isa = PBXFileReference; fileEncoding = 4; lastKnownFileType = sourcecode.swift; path = "VoteContext+Default.swift"; sourceTree = "<group>"; };
		6EF036581EC98E1F00198F01 /* AuthTokenStorage.swift */ = {isa = PBXFileReference; fileEncoding = 4; lastKnownFileType = sourcecode.swift; path = AuthTokenStorage.swift; sourceTree = "<group>"; };
		6EF0365A1EC98EF400198F01 /* AuthTokenStorageSpec.swift */ = {isa = PBXFileReference; fileEncoding = 4; lastKnownFileType = sourcecode.swift; path = AuthTokenStorageSpec.swift; sourceTree = "<group>"; };
		6EF0365D1EC9916200198F01 /* KeychainMock.swift */ = {isa = PBXFileReference; fileEncoding = 4; lastKnownFileType = sourcecode.swift; path = KeychainMock.swift; sourceTree = "<group>"; };
		6EF0365F1EC9A43D00198F01 /* Keychain+KeychainStoring.swift */ = {isa = PBXFileReference; fileEncoding = 4; lastKnownFileType = sourcecode.swift; path = "Keychain+KeychainStoring.swift"; sourceTree = "<group>"; };
		6EF036611EC9B8E400198F01 /* VoteResponseJSONMock.swift */ = {isa = PBXFileReference; fileEncoding = 4; lastKnownFileType = sourcecode.swift; path = VoteResponseJSONMock.swift; sourceTree = "<group>"; };
		6EF036641EC9BDAD00198F01 /* ApiResponse.swift */ = {isa = PBXFileReference; fileEncoding = 4; lastKnownFileType = sourcecode.swift; path = ApiResponse.swift; sourceTree = "<group>"; };
		7038F97CE28C5DDE8433B481 /* Pods-ELDebate.debug.xcconfig */ = {isa = PBXFileReference; includeInIndex = 1; lastKnownFileType = text.xcconfig; name = "Pods-ELDebate.debug.xcconfig"; path = "Pods/Target Support Files/Pods-ELDebate/Pods-ELDebate.debug.xcconfig"; sourceTree = "<group>"; };
		7282E72B1080CDA9666AE0A9 /* Pods_ELDebate.framework */ = {isa = PBXFileReference; explicitFileType = wrapper.framework; includeInIndex = 0; path = Pods_ELDebate.framework; sourceTree = BUILT_PRODUCTS_DIR; };
		8C0D62FE1EC5C8A400421B89 /* ControllerConfigurator.swift */ = {isa = PBXFileReference; fileEncoding = 4; lastKnownFileType = sourcecode.swift; path = ControllerConfigurator.swift; sourceTree = "<group>"; };
		8C0D63001EC5DACE00421B89 /* ControllerConfiguratorSpec.swift */ = {isa = PBXFileReference; fileEncoding = 4; lastKnownFileType = sourcecode.swift; path = ControllerConfiguratorSpec.swift; sourceTree = "<group>"; };
		8C0D63061EC5DD2E00421B89 /* AnswerViewController.swift */ = {isa = PBXFileReference; fileEncoding = 4; lastKnownFileType = sourcecode.swift; path = AnswerViewController.swift; sourceTree = "<group>"; };
		8C0D63081EC5DD4100421B89 /* AnswerAssembly.swift */ = {isa = PBXFileReference; fileEncoding = 4; lastKnownFileType = sourcecode.swift; path = AnswerAssembly.swift; sourceTree = "<group>"; };
		8C127C7A1EC4941000E9B5FD /* ControllerFactory.swift */ = {isa = PBXFileReference; fileEncoding = 4; lastKnownFileType = sourcecode.swift; path = ControllerFactory.swift; sourceTree = "<group>"; };
		8C127C7C1EC4965E00E9B5FD /* PinEntryAssembly.swift */ = {isa = PBXFileReference; fileEncoding = 4; lastKnownFileType = sourcecode.swift; path = PinEntryAssembly.swift; sourceTree = "<group>"; };
		8C127C801EC49A4800E9B5FD /* ControllerProviding.swift */ = {isa = PBXFileReference; fileEncoding = 4; lastKnownFileType = sourcecode.swift; path = ControllerProviding.swift; sourceTree = "<group>"; };
		8C127C821EC49B2900E9B5FD /* ControllerFactoryMock.swift */ = {isa = PBXFileReference; fileEncoding = 4; lastKnownFileType = sourcecode.swift; path = ControllerFactoryMock.swift; sourceTree = "<group>"; };
		8C127C861EC4A06C00E9B5FD /* PinEntryView.swift */ = {isa = PBXFileReference; fileEncoding = 4; lastKnownFileType = sourcecode.swift; path = PinEntryView.swift; sourceTree = "<group>"; };
		8C127C891EC4A0D100E9B5FD /* PinEntryWelcomeView.swift */ = {isa = PBXFileReference; fileEncoding = 4; lastKnownFileType = sourcecode.swift; path = PinEntryWelcomeView.swift; sourceTree = "<group>"; };
		8C127C8B1EC4A0DE00E9B5FD /* Views.swift */ = {isa = PBXFileReference; fileEncoding = 4; lastKnownFileType = sourcecode.swift; path = Views.swift; sourceTree = "<group>"; };
		8C127C8E1EC4A23D00E9B5FD /* Image.swift */ = {isa = PBXFileReference; fileEncoding = 4; lastKnownFileType = sourcecode.swift; path = Image.swift; sourceTree = "<group>"; };
		8C1917FD1EC3600F00519DC8 /* Route.swift */ = {isa = PBXFileReference; fileEncoding = 4; lastKnownFileType = sourcecode.swift; path = Route.swift; sourceTree = "<group>"; };
		8C1917FF1EC3602A00519DC8 /* Router.swift */ = {isa = PBXFileReference; fileEncoding = 4; lastKnownFileType = sourcecode.swift; path = Router.swift; sourceTree = "<group>"; };
		8C1918011EC360F100519DC8 /* RouterSpec.swift */ = {isa = PBXFileReference; fileEncoding = 4; lastKnownFileType = sourcecode.swift; path = RouterSpec.swift; sourceTree = "<group>"; };
		8C24463C1ECD862400E87DB1 /* VerifySnapshotAction.swift */ = {isa = PBXFileReference; fileEncoding = 4; lastKnownFileType = sourcecode.swift; path = VerifySnapshotAction.swift; sourceTree = "<group>"; };
		8C464F091EC5E537009DD7BF /* AnswerView.swift */ = {isa = PBXFileReference; fileEncoding = 4; lastKnownFileType = sourcecode.swift; path = AnswerView.swift; sourceTree = "<group>"; };
		8C6127E31EC9AED0003472A3 /* AnswerViewControllerSpec.swift */ = {isa = PBXFileReference; fileEncoding = 4; lastKnownFileType = sourcecode.swift; path = AnswerViewControllerSpec.swift; sourceTree = "<group>"; };
		8C6127E61EC9BEA6003472A3 /* QuestionFrameView.swift */ = {isa = PBXFileReference; fileEncoding = 4; lastKnownFileType = sourcecode.swift; path = QuestionFrameView.swift; sourceTree = "<group>"; };
		8C6127E81EC9BF8E003472A3 /* AnswersListView.swift */ = {isa = PBXFileReference; fileEncoding = 4; lastKnownFileType = sourcecode.swift; path = AnswersListView.swift; sourceTree = "<group>"; };
		8C6127EB1EC9E516003472A3 /* LoginActionHandlerSpec.swift */ = {isa = PBXFileReference; fileEncoding = 4; lastKnownFileType = sourcecode.swift; path = LoginActionHandlerSpec.swift; sourceTree = "<group>"; };
		8C6127EE1EC9E71B003472A3 /* LoginActionHandler.swift */ = {isa = PBXFileReference; fileEncoding = 4; lastKnownFileType = sourcecode.swift; path = LoginActionHandler.swift; sourceTree = "<group>"; };
		8C6127F01EC9E8FF003472A3 /* AuthTokenStorageStub.swift */ = {isa = PBXFileReference; fileEncoding = 4; lastKnownFileType = sourcecode.swift; path = AuthTokenStorageStub.swift; sourceTree = "<group>"; };
		8C6127F41EC9F7A5003472A3 /* Debate+Default.swift */ = {isa = PBXFileReference; fileEncoding = 4; lastKnownFileType = sourcecode.swift; path = "Debate+Default.swift"; sourceTree = "<group>"; };
		8C63FA051EC371170080FFF9 /* MainWindowFactorySpec.swift */ = {isa = PBXFileReference; fileEncoding = 4; lastKnownFileType = sourcecode.swift; path = MainWindowFactorySpec.swift; sourceTree = "<group>"; };
		8C63FA071EC374F50080FFF9 /* MainWindowFactory.swift */ = {isa = PBXFileReference; fileEncoding = 4; lastKnownFileType = sourcecode.swift; path = MainWindowFactory.swift; sourceTree = "<group>"; };
		8C63FA0A1EC3767F0080FFF9 /* AppDelegateSpec.swift */ = {isa = PBXFileReference; fileEncoding = 4; lastKnownFileType = sourcecode.swift; path = AppDelegateSpec.swift; sourceTree = "<group>"; };
		8C63FA0E1EC379B90080FFF9 /* AutoMockable.swift */ = {isa = PBXFileReference; fileEncoding = 4; lastKnownFileType = sourcecode.swift; path = AutoMockable.swift; sourceTree = "<group>"; };
		8C63FA111EC379F30080FFF9 /* AutoMockable.generated.swift */ = {isa = PBXFileReference; fileEncoding = 4; lastKnownFileType = sourcecode.swift; path = AutoMockable.generated.swift; sourceTree = "<group>"; };
		8C63FA141EC37BF90080FFF9 /* Assembler+Assemblies.swift */ = {isa = PBXFileReference; fileEncoding = 4; lastKnownFileType = sourcecode.swift; path = "Assembler+Assemblies.swift"; sourceTree = "<group>"; };
		8C63FA161EC37C1D0080FFF9 /* MainAssembly.swift */ = {isa = PBXFileReference; fileEncoding = 4; lastKnownFileType = sourcecode.swift; path = MainAssembly.swift; sourceTree = "<group>"; };
		8C63FA181EC382820080FFF9 /* RouterMock.swift */ = {isa = PBXFileReference; fileEncoding = 4; lastKnownFileType = sourcecode.swift; path = RouterMock.swift; sourceTree = "<group>"; };
		8C664A111EC45FFD0017687F /* JSONResponseProviding.swift */ = {isa = PBXFileReference; fileEncoding = 4; lastKnownFileType = sourcecode.swift; path = JSONResponseProviding.swift; sourceTree = "<group>"; };
		8C664A131EC464130017687F /* RequestExecuting.swift */ = {isa = PBXFileReference; fileEncoding = 4; lastKnownFileType = sourcecode.swift; path = RequestExecuting.swift; sourceTree = "<group>"; };
		8C664A161EC48F370017687F /* Deserializer.swift */ = {isa = PBXFileReference; fileEncoding = 4; lastKnownFileType = sourcecode.swift; path = Deserializer.swift; sourceTree = "<group>"; };
		8C664A181EC48F7A0017687F /* RequestError.swift */ = {isa = PBXFileReference; fileEncoding = 4; lastKnownFileType = sourcecode.swift; path = RequestError.swift; sourceTree = "<group>"; };
		8C664A1A1EC490820017687F /* AuthTokenDeserializer.swift */ = {isa = PBXFileReference; fileEncoding = 4; lastKnownFileType = sourcecode.swift; path = AuthTokenDeserializer.swift; sourceTree = "<group>"; };
		8C664A1D1EC490B60017687F /* AuthTokenDeserializerSpec.swift */ = {isa = PBXFileReference; fileEncoding = 4; lastKnownFileType = sourcecode.swift; path = AuthTokenDeserializerSpec.swift; sourceTree = "<group>"; };
		8C6DA02B1EC58CFA00D31E76 /* Color.swift */ = {isa = PBXFileReference; fileEncoding = 4; lastKnownFileType = sourcecode.swift; path = Color.swift; sourceTree = "<group>"; };
		8C6DA02D1EC58D9200D31E76 /* UIColor+Predefined.swift */ = {isa = PBXFileReference; fileEncoding = 4; lastKnownFileType = sourcecode.swift; path = "UIColor+Predefined.swift"; sourceTree = "<group>"; };
		8C6DA02F1EC58E5500D31E76 /* UIImage+Predefined.swift */ = {isa = PBXFileReference; fileEncoding = 4; lastKnownFileType = sourcecode.swift; path = "UIImage+Predefined.swift"; sourceTree = "<group>"; };
		8C6DA0311EC590E500D31E76 /* NavigationControllerFactory.swift */ = {isa = PBXFileReference; fileEncoding = 4; lastKnownFileType = sourcecode.swift; path = NavigationControllerFactory.swift; sourceTree = "<group>"; };
		8C6DA0331EC5913200D31E76 /* NavigationControllerFactorySpec.swift */ = {isa = PBXFileReference; fileEncoding = 4; lastKnownFileType = sourcecode.swift; path = NavigationControllerFactorySpec.swift; sourceTree = "<group>"; };
		8C6DA0361EC5943400D31E76 /* PinEntryCodeField.swift */ = {isa = PBXFileReference; fileEncoding = 4; lastKnownFileType = sourcecode.swift; path = PinEntryCodeField.swift; sourceTree = "<group>"; };
		8C6DA0391EC599DF00D31E76 /* PinEntryViewControllerSpec.swift */ = {isa = PBXFileReference; fileEncoding = 4; lastKnownFileType = sourcecode.swift; path = PinEntryViewControllerSpec.swift; sourceTree = "<group>"; };
		8C6DA03C1EC59B3800D31E76 /* CurrentYearCalculator.swift */ = {isa = PBXFileReference; fileEncoding = 4; lastKnownFileType = sourcecode.swift; path = CurrentYearCalculator.swift; sourceTree = "<group>"; };
		8C6DA03F1EC59B7100D31E76 /* CurrentYearCalculatorSpec.swift */ = {isa = PBXFileReference; fileEncoding = 4; lastKnownFileType = sourcecode.swift; path = CurrentYearCalculatorSpec.swift; sourceTree = "<group>"; };
		8C6DA0421EC59D7F00D31E76 /* CurrentYearCalculatorMock.swift */ = {isa = PBXFileReference; fileEncoding = 4; lastKnownFileType = sourcecode.swift; path = CurrentYearCalculatorMock.swift; sourceTree = "<group>"; };
		8C6DA0451EC5AAAF00D31E76 /* PinEntryControllerProviding.swift */ = {isa = PBXFileReference; fileEncoding = 4; lastKnownFileType = sourcecode.swift; path = PinEntryControllerProviding.swift; sourceTree = "<group>"; };
		8C6DA0471EC5AC6E00D31E76 /* APIProviderStub.swift */ = {isa = PBXFileReference; fileEncoding = 4; lastKnownFileType = sourcecode.swift; path = APIProviderStub.swift; sourceTree = "<group>"; };
		8C6EC6441ECC422F009E0FBC /* AnswerScreenTests.swift */ = {isa = PBXFileReference; fileEncoding = 4; lastKnownFileType = sourcecode.swift; path = AnswerScreenTests.swift; sourceTree = "<group>"; };
		8C7E8D4A1EC9A17300B525C1 /* QuestionView.swift */ = {isa = PBXFileReference; fileEncoding = 4; lastKnownFileType = sourcecode.swift; path = QuestionView.swift; sourceTree = "<group>"; };
		8C85D8461EC34FC100C5BAE7 /* AppDelegate.swift */ = {isa = PBXFileReference; fileEncoding = 4; lastKnownFileType = sourcecode.swift; path = AppDelegate.swift; sourceTree = "<group>"; };
		8C85D8471EC34FC100C5BAE7 /* Assets.xcassets */ = {isa = PBXFileReference; lastKnownFileType = folder.assetcatalog; path = Assets.xcassets; sourceTree = "<group>"; };
		8C85D8491EC34FC100C5BAE7 /* Base */ = {isa = PBXFileReference; lastKnownFileType = file.storyboard; name = Base; path = Base.lproj/LaunchScreen.storyboard; sourceTree = "<group>"; };
		8C85D84C1EC34FC100C5BAE7 /* Info.plist */ = {isa = PBXFileReference; fileEncoding = 4; lastKnownFileType = text.plist.xml; path = Info.plist; sourceTree = "<group>"; };
		8C85D8501EC34FC100C5BAE7 /* Info.plist */ = {isa = PBXFileReference; fileEncoding = 4; lastKnownFileType = text.plist.xml; path = Info.plist; sourceTree = "<group>"; };
		8CAD324C1EC36B5F00830E72 /* PinEntryViewController.swift */ = {isa = PBXFileReference; fileEncoding = 4; lastKnownFileType = sourcecode.swift; path = PinEntryViewController.swift; sourceTree = "<group>"; };
		8CAD34DF1EC34F5E00468C87 /* ELDebate.app */ = {isa = PBXFileReference; explicitFileType = wrapper.application; includeInIndex = 0; path = ELDebate.app; sourceTree = BUILT_PRODUCTS_DIR; };
		8CB3AF521EC36E92005EEDC7 /* ELDebateTests.xctest */ = {isa = PBXFileReference; explicitFileType = wrapper.cfbundle; includeInIndex = 0; path = ELDebateTests.xctest; sourceTree = BUILT_PRODUCTS_DIR; };
		8CB42CF01EC5F34F007E61F6 /* AnswerPicker.swift */ = {isa = PBXFileReference; fileEncoding = 4; lastKnownFileType = sourcecode.swift; path = AnswerPicker.swift; sourceTree = "<group>"; };
		8CD371A81EC5EAC500203620 /* SingleAnswerView.swift */ = {isa = PBXFileReference; fileEncoding = 4; lastKnownFileType = sourcecode.swift; path = SingleAnswerView.swift; sourceTree = "<group>"; };
		8CD371AA1EC5EDDF00203620 /* ThumbsUpView.swift */ = {isa = PBXFileReference; fileEncoding = 4; lastKnownFileType = sourcecode.swift; path = ThumbsUpView.swift; sourceTree = "<group>"; };
		8CD5F6481ECC77720067BFC7 /* Promise+APIResponse.swift */ = {isa = PBXFileReference; fileEncoding = 4; lastKnownFileType = sourcecode.swift; path = "Promise+APIResponse.swift"; sourceTree = "<group>"; };
		8CD5F64A1ECC85DC0067BFC7 /* Dictionary+Mapping.swift */ = {isa = PBXFileReference; fileEncoding = 4; lastKnownFileType = sourcecode.swift; path = "Dictionary+Mapping.swift"; sourceTree = "<group>"; };
		8CD5F64D1ECC86500067BFC7 /* DictionaryMappingSpec.swift */ = {isa = PBXFileReference; fileEncoding = 4; lastKnownFileType = sourcecode.swift; path = DictionaryMappingSpec.swift; sourceTree = "<group>"; };
		8CD5F64F1ECC8D3E0067BFC7 /* DictionaryMergingSpec.swift */ = {isa = PBXFileReference; fileEncoding = 4; lastKnownFileType = sourcecode.swift; path = DictionaryMergingSpec.swift; sourceTree = "<group>"; };
		8CD5F6511ECC8DB20067BFC7 /* Dictionary+Merging.swift */ = {isa = PBXFileReference; fileEncoding = 4; lastKnownFileType = sourcecode.swift; path = "Dictionary+Merging.swift"; sourceTree = "<group>"; };
		8CDF21731ECAFB91002B4FA4 /* FeatureTests.xctest */ = {isa = PBXFileReference; explicitFileType = wrapper.cfbundle; includeInIndex = 0; path = FeatureTests.xctest; sourceTree = BUILT_PRODUCTS_DIR; };
		8CDF21771ECAFB91002B4FA4 /* Info.plist */ = {isa = PBXFileReference; lastKnownFileType = text.plist.xml; path = Info.plist; sourceTree = "<group>"; };
		8CDF217D1ECAFE4F002B4FA4 /* PinEntryScreenTests.swift */ = {isa = PBXFileReference; fileEncoding = 4; lastKnownFileType = sourcecode.swift; path = PinEntryScreenTests.swift; sourceTree = "<group>"; };
		8CDF21801ECB11EB002B4FA4 /* HasPlaceholder.swift */ = {isa = PBXFileReference; fileEncoding = 4; lastKnownFileType = sourcecode.swift; path = HasPlaceholder.swift; sourceTree = "<group>"; };
		996F3224CAB84F5F195967B0 /* Pods-FeatureTests.debug.xcconfig */ = {isa = PBXFileReference; includeInIndex = 1; lastKnownFileType = text.xcconfig; name = "Pods-FeatureTests.debug.xcconfig"; path = "Pods/Target Support Files/Pods-FeatureTests/Pods-FeatureTests.debug.xcconfig"; sourceTree = "<group>"; };
		F279745FDA64037BEE9E67EC /* Pods-FeatureTests.release.xcconfig */ = {isa = PBXFileReference; includeInIndex = 1; lastKnownFileType = text.xcconfig; name = "Pods-FeatureTests.release.xcconfig"; path = "Pods/Target Support Files/Pods-FeatureTests/Pods-FeatureTests.release.xcconfig"; sourceTree = "<group>"; };
/* End PBXFileReference section */

/* Begin PBXFrameworksBuildPhase section */
		8CAD34DC1EC34F5E00468C87 /* Frameworks */ = {
			isa = PBXFrameworksBuildPhase;
			buildActionMask = 2147483647;
			files = (
				501E951C7F5419BDDB3C45B8 /* Pods_ELDebate.framework in Frameworks */,
			);
			runOnlyForDeploymentPostprocessing = 0;
		};
		8CB3AF4F1EC36E92005EEDC7 /* Frameworks */ = {
			isa = PBXFrameworksBuildPhase;
			buildActionMask = 2147483647;
			files = (
				AB2A8D469E4277C68D64F2AE /* Pods_ELDebateTests.framework in Frameworks */,
			);
			runOnlyForDeploymentPostprocessing = 0;
		};
		8CDF21701ECAFB91002B4FA4 /* Frameworks */ = {
			isa = PBXFrameworksBuildPhase;
			buildActionMask = 2147483647;
			files = (
				51757128F328010E2BC3E35A /* EarlGrey.framework in Frameworks */,
				0F5311200D5341E956D16AC2 /* Pods_FeatureTests.framework in Frameworks */,
			);
			runOnlyForDeploymentPostprocessing = 0;
		};
/* End PBXFrameworksBuildPhase section */

/* Begin PBXGroup section */
		6EA7E2921EC466EC002DF55E /* Networking */ = {
			isa = PBXGroup;
			children = (
				8C664A1C1EC490A00017687F /* Deserialization */,
				6EA7E2931EC466F6002DF55E /* ApiClientSpec.swift */,
			);
			path = Networking;
			sourceTree = "<group>";
		};
		6EDF43491ECB119F004B92BD /* Models */ = {
			isa = PBXGroup;
			children = (
				6EDF434A1ECB11A9004B92BD /* VoteContextSpec.swift */,
			);
			path = Models;
			sourceTree = "<group>";
		};
		7AFE4545D2D4ECC51308BFA5 /* Pods */ = {
			isa = PBXGroup;
			children = (
				7038F97CE28C5DDE8433B481 /* Pods-ELDebate.debug.xcconfig */,
				5F67AEB94008F68BD181A24A /* Pods-ELDebate.release.xcconfig */,
				19E287EA4ED2A64F83F5A9CB /* Pods-ELDebateTests.debug.xcconfig */,
				503584F6E31E132E68AE9835 /* Pods-ELDebateTests.release.xcconfig */,
				996F3224CAB84F5F195967B0 /* Pods-FeatureTests.debug.xcconfig */,
				F279745FDA64037BEE9E67EC /* Pods-FeatureTests.release.xcconfig */,
			);
			name = Pods;
			sourceTree = "<group>";
		};
		8C127C851EC4A06100E9B5FD /* Views */ = {
			isa = PBXGroup;
			children = (
				8C75049E1ECC4CA90012B499 /* Presenters */,
				8CB42CF01EC5F34F007E61F6 /* AnswerPicker.swift */,
				8C464F091EC5E537009DD7BF /* AnswerView.swift */,
				8C6127E81EC9BF8E003472A3 /* AnswersListView.swift */,
				8C6DA0361EC5943400D31E76 /* PinEntryCodeField.swift */,
				8C127C861EC4A06C00E9B5FD /* PinEntryView.swift */,
				8C127C891EC4A0D100E9B5FD /* PinEntryWelcomeView.swift */,
				8C6127E61EC9BEA6003472A3 /* QuestionFrameView.swift */,
				8C7E8D4A1EC9A17300B525C1 /* QuestionView.swift */,
				8CD371A81EC5EAC500203620 /* SingleAnswerView.swift */,
				8CD371AA1EC5EDDF00203620 /* ThumbsUpView.swift */,
			);
			path = Views;
			sourceTree = "<group>";
		};
		8C127C8D1EC4A23200E9B5FD /* Models */ = {
			isa = PBXGroup;
			children = (
				8C6DA02B1EC58CFA00D31E76 /* Color.swift */,
				6EA7E2991EC4AF09002DF55E /* Debate.swift */,
				8C127C8E1EC4A23D00E9B5FD /* Image.swift */,
				6EDF43471ECB1173004B92BD /* VoteContext.swift */,
			);
			path = Models;
			sourceTree = "<group>";
		};
		8C127C901EC4AFE700E9B5FD /* Extensions */ = {
			isa = PBXGroup;
			children = (
				8CD5F64A1ECC85DC0067BFC7 /* Dictionary+Mapping.swift */,
				8CD5F6511ECC8DB20067BFC7 /* Dictionary+Merging.swift */,
				6EF0365F1EC9A43D00198F01 /* Keychain+KeychainStoring.swift */,
				8CD5F6481ECC77720067BFC7 /* Promise+APIResponse.swift */,
				8C6DA02D1EC58D9200D31E76 /* UIColor+Predefined.swift */,
				8C6DA02F1EC58E5500D31E76 /* UIImage+Predefined.swift */,
				6EADF55D1ECC843A00488057 /* Dictionary+Merging.swift */,
			);
			path = Extensions;
			sourceTree = "<group>";
		};
		8C1917F81EC357CB00519DC8 /* Mocks */ = {
			isa = PBXGroup;
			children = (
				8C6DA0471EC5AC6E00D31E76 /* APIProviderStub.swift */,
				8C63FA111EC379F30080FFF9 /* AutoMockable.generated.swift */,
				8C127C821EC49B2900E9B5FD /* ControllerFactoryMock.swift */,
				8C6DA0421EC59D7F00D31E76 /* CurrentYearCalculatorMock.swift */,
				6E9119B71EC5B6F400B4B14B /* FetchDebateResponseJSONMock.swift */,
				6EF0365D1EC9916200198F01 /* KeychainMock.swift */,
				6EA7E2961EC468FA002DF55E /* LoginResponseJSONMock.swift */,
				8C63FA181EC382820080FFF9 /* RouterMock.swift */,
				6EF036611EC9B8E400198F01 /* VoteResponseJSONMock.swift */,
				8C6127F01EC9E8FF003472A3 /* AuthTokenStorageStub.swift */,
				6EDF43401ECAF5E5004B92BD /* AnswerViewMock.swift */,
				6EADF5571ECC491B00488057 /* AlertViewMock.swift */,
			);
			path = Mocks;
			sourceTree = "<group>";
		};
		8C1917FC1EC3600400519DC8 /* Navigation */ = {
			isa = PBXGroup;
			children = (
				8C1917FD1EC3600F00519DC8 /* Route.swift */,
				8C1917FF1EC3602A00519DC8 /* Router.swift */,
			);
			path = Navigation;
			sourceTree = "<group>";
		};
		8C24463B1ECD861100E87DB1 /* Actions */ = {
			isa = PBXGroup;
			children = (
				8C24463C1ECD862400E87DB1 /* VerifySnapshotAction.swift */,
			);
			name = Actions;
			sourceTree = "<group>";
		};
		8C6127F31EC9F79A003472A3 /* Test Data */ = {
			isa = PBXGroup;
			children = (
				8C6127F41EC9F7A5003472A3 /* Debate+Default.swift */,
				6EDF434D1ECB181F004B92BD /* VoteContext+Default.swift */,
				6EADF55A1ECC813500488057 /* Answer+Default.swift */,
			);
			path = "Test Data";
			sourceTree = "<group>";
		};
		8C63FA0C1EC3776A0080FFF9 /* Business Logic */ = {
			isa = PBXGroup;
			children = (
				6EA7E29B1EC4AF75002DF55E /* Answer.swift */,
				6EF036581EC98E1F00198F01 /* AuthTokenStorage.swift */,
				8C0D62FE1EC5C8A400421B89 /* ControllerConfigurator.swift */,
				8C127C7A1EC4941000E9B5FD /* ControllerFactory.swift */,
				8C6DA03C1EC59B3800D31E76 /* CurrentYearCalculator.swift */,
				8C6127EE1EC9E71B003472A3 /* LoginActionHandler.swift */,
				8C63FA071EC374F50080FFF9 /* MainWindowFactory.swift */,
				8C6DA0311EC590E500D31E76 /* NavigationControllerFactory.swift */,
			);
			path = "Business Logic";
			sourceTree = "<group>";
		};
		8C63FA0D1EC379AE0080FFF9 /* Common Interfaces */ = {
			isa = PBXGroup;
			children = (
				8C63FA0E1EC379B90080FFF9 /* AutoMockable.swift */,
				8C127C801EC49A4800E9B5FD /* ControllerProviding.swift */,
				8C127C8B1EC4A0DE00E9B5FD /* Views.swift */,
			);
			path = "Common Interfaces";
			sourceTree = "<group>";
		};
		8C63FA131EC37BE70080FFF9 /* Dependency Injection */ = {
			isa = PBXGroup;
			children = (
				8C0D63081EC5DD4100421B89 /* AnswerAssembly.swift */,
				8C63FA141EC37BF90080FFF9 /* Assembler+Assemblies.swift */,
				8C63FA161EC37C1D0080FFF9 /* MainAssembly.swift */,
				8C127C7C1EC4965E00E9B5FD /* PinEntryAssembly.swift */,
			);
			path = "Dependency Injection";
			sourceTree = "<group>";
		};
		8C664A101EC45FDC0017687F /* Networking */ = {
			isa = PBXGroup;
			children = (
				8C664A151EC48F240017687F /* Deserialization */,
				6EA7E2901EC466E3002DF55E /* ApiClient.swift */,
				6EF036641EC9BDAD00198F01 /* ApiResponse.swift */,
				8C664A111EC45FFD0017687F /* JSONResponseProviding.swift */,
				8C664A181EC48F7A0017687F /* RequestError.swift */,
				8C664A131EC464130017687F /* RequestExecuting.swift */,
			);
			path = Networking;
			sourceTree = "<group>";
		};
		8C664A151EC48F240017687F /* Deserialization */ = {
			isa = PBXGroup;
			children = (
				6EA7E29F1EC4B11F002DF55E /* AnswerDeserializer.swift */,
				8C664A1A1EC490820017687F /* AuthTokenDeserializer.swift */,
				6EA7E29D1EC4B115002DF55E /* DebateDeserializer.swift */,
				8C664A161EC48F370017687F /* Deserializer.swift */,
			);
			path = Deserialization;
			sourceTree = "<group>";
		};
		8C664A1C1EC490A00017687F /* Deserialization */ = {
			isa = PBXGroup;
			children = (
				6E9119B41EC5B01F00B4B14B /* AnswerDeserializerSpec.swift */,
				8C664A1D1EC490B60017687F /* AuthTokenDeserializerSpec.swift */,
				6EA7E2A11EC4B13F002DF55E /* DebateDeserializerSpec.swift */,
			);
			path = Deserialization;
			sourceTree = "<group>";
		};
		8C6DA0381EC599CE00D31E76 /* Controllers */ = {
			isa = PBXGroup;
			children = (
				8C6127E31EC9AED0003472A3 /* AnswerViewControllerSpec.swift */,
				8C6DA0391EC599DF00D31E76 /* PinEntryViewControllerSpec.swift */,
			);
			path = Controllers;
			sourceTree = "<group>";
		};
		8C6DA03E1EC59B6100D31E76 /* Business Logic */ = {
			isa = PBXGroup;
			children = (
				6EF0365A1EC98EF400198F01 /* AuthTokenStorageSpec.swift */,
				8C0D63001EC5DACE00421B89 /* ControllerConfiguratorSpec.swift */,
				8C6DA03F1EC59B7100D31E76 /* CurrentYearCalculatorSpec.swift */,
				8C6127EB1EC9E516003472A3 /* LoginActionHandlerSpec.swift */,
				8C63FA051EC371170080FFF9 /* MainWindowFactorySpec.swift */,
				8C6DA0331EC5913200D31E76 /* NavigationControllerFactorySpec.swift */,
			);
			path = "Business Logic";
			sourceTree = "<group>";
		};
		8C75049D1ECC4C7A0012B499 /* Navigation */ = {
			isa = PBXGroup;
			children = (
				8C1918011EC360F100519DC8 /* RouterSpec.swift */,
			);
			path = Navigation;
			sourceTree = "<group>";
		};
		8C75049E1ECC4CA90012B499 /* Presenters */ = {
			isa = PBXGroup;
			children = (
				6EDF433B1ECAEF42004B92BD /* AnswerViewPresenter.swift */,
			);
			path = Presenters;
			sourceTree = "<group>";
		};
		8C75049F1ECC4CB20012B499 /* Views */ = {
			isa = PBXGroup;
			children = (
				8C7504A01ECC4CB60012B499 /* Presenters */,
			);
			path = Views;
			sourceTree = "<group>";
		};
		8C7504A01ECC4CB60012B499 /* Presenters */ = {
			isa = PBXGroup;
			children = (
				6EDF433D1ECAEF77004B92BD /* AnswerViewPresenterSpec.swift */,
			);
			path = Presenters;
			sourceTree = "<group>";
		};
		8C78D3FA1EC350C400BDF7EB /* Resources */ = {
			isa = PBXGroup;
			children = (
				8C85D8471EC34FC100C5BAE7 /* Assets.xcassets */,
				8C85D84C1EC34FC100C5BAE7 /* Info.plist */,
				8C85D8481EC34FC100C5BAE7 /* LaunchScreen.storyboard */,
			);
			path = Resources;
			sourceTree = "<group>";
		};
		8C85D8451EC34FC100C5BAE7 /* Sources */ = {
			isa = PBXGroup;
			children = (
				8C63FA0C1EC3776A0080FFF9 /* Business Logic */,
				8C63FA0D1EC379AE0080FFF9 /* Common Interfaces */,
				8CAD324B1EC36B5200830E72 /* Controllers */,
				8C63FA131EC37BE70080FFF9 /* Dependency Injection */,
				8C127C901EC4AFE700E9B5FD /* Extensions */,
				8C127C8D1EC4A23200E9B5FD /* Models */,
				8C1917FC1EC3600400519DC8 /* Navigation */,
				8C664A101EC45FDC0017687F /* Networking */,
				8C127C851EC4A06100E9B5FD /* Views */,
				8C85D8461EC34FC100C5BAE7 /* AppDelegate.swift */,
			);
			path = Sources;
			sourceTree = "<group>";
		};
		8C85D84E1EC34FC100C5BAE7 /* Tests */ = {
			isa = PBXGroup;
			children = (
				8C6DA03E1EC59B6100D31E76 /* Business Logic */,
				8C6DA0381EC599CE00D31E76 /* Controllers */,
				8CD5F64C1ECC863B0067BFC7 /* Extensions */,
				8C1917F81EC357CB00519DC8 /* Mocks */,
				6EDF43491ECB119F004B92BD /* Models */,
				8C75049D1ECC4C7A0012B499 /* Navigation */,
				6EA7E2921EC466EC002DF55E /* Networking */,
				8C6127F31EC9F79A003472A3 /* Test Data */,
				8C75049F1ECC4CB20012B499 /* Views */,
				8C63FA0A1EC3767F0080FFF9 /* AppDelegateSpec.swift */,
				8C85D8501EC34FC100C5BAE7 /* Info.plist */,
			);
			path = Tests;
			sourceTree = "<group>";
		};
		8CAD324B1EC36B5200830E72 /* Controllers */ = {
			isa = PBXGroup;
			children = (
				8C0D63061EC5DD2E00421B89 /* AnswerViewController.swift */,
				8C6DA0451EC5AAAF00D31E76 /* PinEntryControllerProviding.swift */,
				8CAD324C1EC36B5F00830E72 /* PinEntryViewController.swift */,
				6EADF5551ECC48BB00488057 /* ErrorAlertController.swift */,
			);
			path = Controllers;
			sourceTree = "<group>";
		};
		8CAD34D61EC34F5E00468C87 = {
			isa = PBXGroup;
			children = (
				8CDF21741ECAFB91002B4FA4 /* FeatureTests */,
				ECA6FADB8E61D4022744061E /* Frameworks */,
				7AFE4545D2D4ECC51308BFA5 /* Pods */,
				8CAD34E01EC34F5E00468C87 /* Products */,
				8C78D3FA1EC350C400BDF7EB /* Resources */,
				8C85D8451EC34FC100C5BAE7 /* Sources */,
				8C85D84E1EC34FC100C5BAE7 /* Tests */,
			);
			sourceTree = "<group>";
		};
		8CAD34E01EC34F5E00468C87 /* Products */ = {
			isa = PBXGroup;
			children = (
				8CAD34DF1EC34F5E00468C87 /* ELDebate.app */,
				8CB3AF521EC36E92005EEDC7 /* ELDebateTests.xctest */,
				8CDF21731ECAFB91002B4FA4 /* FeatureTests.xctest */,
				5B514A80F4268B66CD30EE8B /* EarlGrey.framework */,
			);
			name = Products;
			sourceTree = "<group>";
		};
		8CD5F64C1ECC863B0067BFC7 /* Extensions */ = {
			isa = PBXGroup;
			children = (
				8CD5F64D1ECC86500067BFC7 /* DictionaryMappingSpec.swift */,
				8CD5F64F1ECC8D3E0067BFC7 /* DictionaryMergingSpec.swift */,
			);
			name = Extensions;
			sourceTree = "<group>";
		};
		8CDF21741ECAFB91002B4FA4 /* FeatureTests */ = {
			isa = PBXGroup;
			children = (
				8C24463B1ECD861100E87DB1 /* Actions */,
				8CDF21821ECB13DC002B4FA4 /* Features */,
				8CDF217F1ECB11DF002B4FA4 /* Matchers */,
				5E731B8E095FCF71F2FAD8A0 /* EarlGrey.swift */,
				8CDF21771ECAFB91002B4FA4 /* Info.plist */,
			);
			path = FeatureTests;
			sourceTree = "<group>";
		};
		8CDF217F1ECB11DF002B4FA4 /* Matchers */ = {
			isa = PBXGroup;
			children = (
				8CDF21801ECB11EB002B4FA4 /* HasPlaceholder.swift */,
			);
			path = Matchers;
			sourceTree = "<group>";
		};
		8CDF21821ECB13DC002B4FA4 /* Features */ = {
			isa = PBXGroup;
			children = (
				8C6EC6441ECC422F009E0FBC /* AnswerScreenTests.swift */,
				8CDF217D1ECAFE4F002B4FA4 /* PinEntryScreenTests.swift */,
			);
			path = Features;
			sourceTree = "<group>";
		};
		ECA6FADB8E61D4022744061E /* Frameworks */ = {
			isa = PBXGroup;
			children = (
				7282E72B1080CDA9666AE0A9 /* Pods_ELDebate.framework */,
				06DCA5AB659775BB4F7FD239 /* Pods_ELDebateTests.framework */,
				26CF685CFB8E6C77DF6684EB /* Pods_FeatureTests.framework */,
			);
			name = Frameworks;
			sourceTree = "<group>";
		};
/* End PBXGroup section */

/* Begin PBXNativeTarget section */
		8CAD34DE1EC34F5E00468C87 /* ELDebate */ = {
			isa = PBXNativeTarget;
			buildConfigurationList = 8CAD34FC1EC34F5E00468C87 /* Build configuration list for PBXNativeTarget "ELDebate" */;
			buildPhases = (
				BF521D377CA1F178E3C4E792 /* [CP] Check Pods Manifest.lock */,
				8C1917F71EC356BA00519DC8 /* Sourcery Generate Mocks */,
				8CAD34DB1EC34F5E00468C87 /* Sources */,
				8CAD34DC1EC34F5E00468C87 /* Frameworks */,
				8CAD34DD1EC34F5E00468C87 /* Resources */,
				8C78D3FE1EC352AF00BDF7EB /* SwiftLint */,
				38923F83422368976D5B85FD /* [CP] Embed Pods Frameworks */,
				827448BEBEF799B2B69D5432 /* [CP] Copy Pods Resources */,
			);
			buildRules = (
			);
			dependencies = (
			);
			name = ELDebate;
			productName = ELDebate;
			productReference = 8CAD34DF1EC34F5E00468C87 /* ELDebate.app */;
			productType = "com.apple.product-type.application";
		};
		8CB3AF511EC36E92005EEDC7 /* ELDebateTests */ = {
			isa = PBXNativeTarget;
			buildConfigurationList = 8CB3AF591EC36E92005EEDC7 /* Build configuration list for PBXNativeTarget "ELDebateTests" */;
			buildPhases = (
				DFCF73244C21B9FBC21D0931 /* [CP] Check Pods Manifest.lock */,
				8CB3AF4E1EC36E92005EEDC7 /* Sources */,
				8CB3AF4F1EC36E92005EEDC7 /* Frameworks */,
				8CB3AF501EC36E92005EEDC7 /* Resources */,
				AC883875F718DCE5326FC678 /* [CP] Embed Pods Frameworks */,
				37142D74CC897EBF460B551E /* [CP] Copy Pods Resources */,
			);
			buildRules = (
			);
			dependencies = (
				8CB3AF581EC36E92005EEDC7 /* PBXTargetDependency */,
			);
			name = ELDebateTests;
			productName = ELDebateTests;
			productReference = 8CB3AF521EC36E92005EEDC7 /* ELDebateTests.xctest */;
			productType = "com.apple.product-type.bundle.unit-test";
		};
		8CDF21721ECAFB91002B4FA4 /* FeatureTests */ = {
			isa = PBXNativeTarget;
			buildConfigurationList = 8CDF217C1ECAFB91002B4FA4 /* Build configuration list for PBXNativeTarget "FeatureTests" */;
			buildPhases = (
				131CBAB07B0D66F2BF69F388 /* [CP] Check Pods Manifest.lock */,
				8CDF216F1ECAFB91002B4FA4 /* Sources */,
				8CDF21701ECAFB91002B4FA4 /* Frameworks */,
				8CDF21711ECAFB91002B4FA4 /* Resources */,
				9C4DE1A546D513410B434565 /* EarlGrey Copy Files */,
				11FEF52D14921DE5F52E9B84 /* [CP] Embed Pods Frameworks */,
				D35F1938F44931A147E1846A /* [CP] Copy Pods Resources */,
			);
			buildRules = (
			);
			dependencies = (
				8CDF21791ECAFB91002B4FA4 /* PBXTargetDependency */,
			);
			name = FeatureTests;
			productName = FeatureTests;
			productReference = 8CDF21731ECAFB91002B4FA4 /* FeatureTests.xctest */;
			productType = "com.apple.product-type.bundle.unit-test";
		};
/* End PBXNativeTarget section */

/* Begin PBXProject section */
		8CAD34D71EC34F5E00468C87 /* Project object */ = {
			isa = PBXProject;
			attributes = {
				LastSwiftUpdateCheck = 0830;
				LastUpgradeCheck = 0830;
				ORGANIZATIONNAME = "EL Passion";
				TargetAttributes = {
					8CAD34DE1EC34F5E00468C87 = {
						CreatedOnToolsVersion = 8.3.2;
						DevelopmentTeam = H5QFB36W2F;
						ProvisioningStyle = Automatic;
					};
					8CB3AF511EC36E92005EEDC7 = {
						CreatedOnToolsVersion = 8.3.2;
						DevelopmentTeam = H5QFB36W2F;
						ProvisioningStyle = Automatic;
						TestTargetID = 8CAD34DE1EC34F5E00468C87;
					};
					8CDF21721ECAFB91002B4FA4 = {
						CreatedOnToolsVersion = 8.3.2;
						DevelopmentTeam = H5QFB36W2F;
						ProvisioningStyle = Automatic;
						TestTargetID = 8CAD34DE1EC34F5E00468C87;
					};
				};
			};
			buildConfigurationList = 8CAD34DA1EC34F5E00468C87 /* Build configuration list for PBXProject "ELDebate" */;
			compatibilityVersion = "Xcode 3.2";
			developmentRegion = English;
			hasScannedForEncodings = 0;
			knownRegions = (
				en,
				Base,
			);
			mainGroup = 8CAD34D61EC34F5E00468C87;
			productRefGroup = 8CAD34E01EC34F5E00468C87 /* Products */;
			projectDirPath = "";
			projectRoot = "";
			targets = (
				8CAD34DE1EC34F5E00468C87 /* ELDebate */,
				8CB3AF511EC36E92005EEDC7 /* ELDebateTests */,
				8CDF21721ECAFB91002B4FA4 /* FeatureTests */,
			);
		};
/* End PBXProject section */

/* Begin PBXResourcesBuildPhase section */
		8CAD34DD1EC34F5E00468C87 /* Resources */ = {
			isa = PBXResourcesBuildPhase;
			buildActionMask = 2147483647;
			files = (
				8C85D8521EC34FC100C5BAE7 /* Assets.xcassets in Resources */,
				8C85D8531EC34FC100C5BAE7 /* LaunchScreen.storyboard in Resources */,
			);
			runOnlyForDeploymentPostprocessing = 0;
		};
		8CB3AF501EC36E92005EEDC7 /* Resources */ = {
			isa = PBXResourcesBuildPhase;
			buildActionMask = 2147483647;
			files = (
			);
			runOnlyForDeploymentPostprocessing = 0;
		};
		8CDF21711ECAFB91002B4FA4 /* Resources */ = {
			isa = PBXResourcesBuildPhase;
			buildActionMask = 2147483647;
			files = (
			);
			runOnlyForDeploymentPostprocessing = 0;
		};
/* End PBXResourcesBuildPhase section */

/* Begin PBXShellScriptBuildPhase section */
		11FEF52D14921DE5F52E9B84 /* [CP] Embed Pods Frameworks */ = {
			isa = PBXShellScriptBuildPhase;
			buildActionMask = 2147483647;
			files = (
			);
			inputPaths = (
			);
			name = "[CP] Embed Pods Frameworks";
			outputPaths = (
			);
			runOnlyForDeploymentPostprocessing = 0;
			shellPath = /bin/sh;
			shellScript = "\"${SRCROOT}/Pods/Target Support Files/Pods-FeatureTests/Pods-FeatureTests-frameworks.sh\"\n";
			showEnvVarsInLog = 0;
		};
		131CBAB07B0D66F2BF69F388 /* [CP] Check Pods Manifest.lock */ = {
			isa = PBXShellScriptBuildPhase;
			buildActionMask = 2147483647;
			files = (
			);
			inputPaths = (
			);
			name = "[CP] Check Pods Manifest.lock";
			outputPaths = (
			);
			runOnlyForDeploymentPostprocessing = 0;
			shellPath = /bin/sh;
			shellScript = "diff \"${PODS_PODFILE_DIR_PATH}/Podfile.lock\" \"${PODS_ROOT}/Manifest.lock\" > /dev/null\nif [ $? != 0 ] ; then\n    # print error to STDERR\n    echo \"error: The sandbox is not in sync with the Podfile.lock. Run 'pod install' or update your CocoaPods installation.\" >&2\n    exit 1\nfi\n";
			showEnvVarsInLog = 0;
		};
		37142D74CC897EBF460B551E /* [CP] Copy Pods Resources */ = {
			isa = PBXShellScriptBuildPhase;
			buildActionMask = 2147483647;
			files = (
			);
			inputPaths = (
			);
			name = "[CP] Copy Pods Resources";
			outputPaths = (
			);
			runOnlyForDeploymentPostprocessing = 0;
			shellPath = /bin/sh;
			shellScript = "\"${SRCROOT}/Pods/Target Support Files/Pods-ELDebateTests/Pods-ELDebateTests-resources.sh\"\n";
			showEnvVarsInLog = 0;
		};
		38923F83422368976D5B85FD /* [CP] Embed Pods Frameworks */ = {
			isa = PBXShellScriptBuildPhase;
			buildActionMask = 2147483647;
			files = (
			);
			inputPaths = (
			);
			name = "[CP] Embed Pods Frameworks";
			outputPaths = (
			);
			runOnlyForDeploymentPostprocessing = 0;
			shellPath = /bin/sh;
			shellScript = "\"${SRCROOT}/Pods/Target Support Files/Pods-ELDebate/Pods-ELDebate-frameworks.sh\"\n";
			showEnvVarsInLog = 0;
		};
		827448BEBEF799B2B69D5432 /* [CP] Copy Pods Resources */ = {
			isa = PBXShellScriptBuildPhase;
			buildActionMask = 2147483647;
			files = (
			);
			inputPaths = (
			);
			name = "[CP] Copy Pods Resources";
			outputPaths = (
			);
			runOnlyForDeploymentPostprocessing = 0;
			shellPath = /bin/sh;
			shellScript = "\"${SRCROOT}/Pods/Target Support Files/Pods-ELDebate/Pods-ELDebate-resources.sh\"\n";
			showEnvVarsInLog = 0;
		};
		8C1917F71EC356BA00519DC8 /* Sourcery Generate Mocks */ = {
			isa = PBXShellScriptBuildPhase;
			buildActionMask = 2147483647;
			files = (
			);
			inputPaths = (
			);
			name = "Sourcery Generate Mocks";
			outputPaths = (
			);
			runOnlyForDeploymentPostprocessing = 0;
			shellPath = /bin/sh;
			shellScript = "$PODS_ROOT/Sourcery/bin/sourcery --sources Sources/ --templates Templates/AutoMockable.stencil --output Tests/Mocks";
		};
		8C78D3FE1EC352AF00BDF7EB /* SwiftLint */ = {
			isa = PBXShellScriptBuildPhase;
			buildActionMask = 2147483647;
			files = (
			);
			inputPaths = (
			);
			name = SwiftLint;
			outputPaths = (
			);
			runOnlyForDeploymentPostprocessing = 0;
			shellPath = /bin/sh;
			shellScript = "\"${PODS_ROOT}/SwiftLint/swiftlint\"";
		};
		AC883875F718DCE5326FC678 /* [CP] Embed Pods Frameworks */ = {
			isa = PBXShellScriptBuildPhase;
			buildActionMask = 2147483647;
			files = (
			);
			inputPaths = (
			);
			name = "[CP] Embed Pods Frameworks";
			outputPaths = (
			);
			runOnlyForDeploymentPostprocessing = 0;
			shellPath = /bin/sh;
			shellScript = "\"${SRCROOT}/Pods/Target Support Files/Pods-ELDebateTests/Pods-ELDebateTests-frameworks.sh\"\n";
			showEnvVarsInLog = 0;
		};
		BF521D377CA1F178E3C4E792 /* [CP] Check Pods Manifest.lock */ = {
			isa = PBXShellScriptBuildPhase;
			buildActionMask = 2147483647;
			files = (
			);
			inputPaths = (
			);
			name = "[CP] Check Pods Manifest.lock";
			outputPaths = (
			);
			runOnlyForDeploymentPostprocessing = 0;
			shellPath = /bin/sh;
			shellScript = "diff \"${PODS_PODFILE_DIR_PATH}/Podfile.lock\" \"${PODS_ROOT}/Manifest.lock\" > /dev/null\nif [ $? != 0 ] ; then\n    # print error to STDERR\n    echo \"error: The sandbox is not in sync with the Podfile.lock. Run 'pod install' or update your CocoaPods installation.\" >&2\n    exit 1\nfi\n";
			showEnvVarsInLog = 0;
		};
		D35F1938F44931A147E1846A /* [CP] Copy Pods Resources */ = {
			isa = PBXShellScriptBuildPhase;
			buildActionMask = 2147483647;
			files = (
			);
			inputPaths = (
			);
			name = "[CP] Copy Pods Resources";
			outputPaths = (
			);
			runOnlyForDeploymentPostprocessing = 0;
			shellPath = /bin/sh;
			shellScript = "\"${SRCROOT}/Pods/Target Support Files/Pods-FeatureTests/Pods-FeatureTests-resources.sh\"\n";
			showEnvVarsInLog = 0;
		};
		DFCF73244C21B9FBC21D0931 /* [CP] Check Pods Manifest.lock */ = {
			isa = PBXShellScriptBuildPhase;
			buildActionMask = 2147483647;
			files = (
			);
			inputPaths = (
			);
			name = "[CP] Check Pods Manifest.lock";
			outputPaths = (
			);
			runOnlyForDeploymentPostprocessing = 0;
			shellPath = /bin/sh;
			shellScript = "diff \"${PODS_PODFILE_DIR_PATH}/Podfile.lock\" \"${PODS_ROOT}/Manifest.lock\" > /dev/null\nif [ $? != 0 ] ; then\n    # print error to STDERR\n    echo \"error: The sandbox is not in sync with the Podfile.lock. Run 'pod install' or update your CocoaPods installation.\" >&2\n    exit 1\nfi\n";
			showEnvVarsInLog = 0;
		};
/* End PBXShellScriptBuildPhase section */

/* Begin PBXSourcesBuildPhase section */
		8CAD34DB1EC34F5E00468C87 /* Sources */ = {
			isa = PBXSourcesBuildPhase;
			buildActionMask = 2147483647;
			files = (
				8C7E8D4B1EC9A17300B525C1 /* QuestionView.swift in Sources */,
				8C664A1B1EC490820017687F /* AuthTokenDeserializer.swift in Sources */,
				8C0D62FF1EC5C8A400421B89 /* ControllerConfigurator.swift in Sources */,
				8C6DA0321EC590E500D31E76 /* NavigationControllerFactory.swift in Sources */,
				6EA7E2911EC466E3002DF55E /* ApiClient.swift in Sources */,
				8C6DA02C1EC58CFA00D31E76 /* Color.swift in Sources */,
				8CD371A91EC5EAC500203620 /* SingleAnswerView.swift in Sources */,
				6EDF43481ECB1173004B92BD /* VoteContext.swift in Sources */,
				8CB42CF11EC5F34F007E61F6 /* AnswerPicker.swift in Sources */,
				8C127C811EC49A4800E9B5FD /* ControllerProviding.swift in Sources */,
				8C6127E71EC9BEA6003472A3 /* QuestionFrameView.swift in Sources */,
				6EADF5561ECC48BB00488057 /* ErrorAlertController.swift in Sources */,
				8C6DA03D1EC59B3800D31E76 /* CurrentYearCalculator.swift in Sources */,
				8C664A121EC45FFD0017687F /* JSONResponseProviding.swift in Sources */,
				6EA7E29A1EC4AF09002DF55E /* Debate.swift in Sources */,
				6EA7E29C1EC4AF75002DF55E /* Answer.swift in Sources */,
				8C85D8511EC34FC100C5BAE7 /* AppDelegate.swift in Sources */,
				8C6127EF1EC9E71B003472A3 /* LoginActionHandler.swift in Sources */,
				8C63FA091EC3755C0080FFF9 /* MainWindowFactory.swift in Sources */,
				8C664A171EC48F370017687F /* Deserializer.swift in Sources */,
				8C6DA0301EC58E5500D31E76 /* UIImage+Predefined.swift in Sources */,
				8C464F0A1EC5E537009DD7BF /* AnswerView.swift in Sources */,
				8C0D63071EC5DD2E00421B89 /* AnswerViewController.swift in Sources */,
				8C6DA02E1EC58D9200D31E76 /* UIColor+Predefined.swift in Sources */,
				8C127C8F1EC4A23D00E9B5FD /* Image.swift in Sources */,
				6EADF55E1ECC843A00488057 /* Dictionary+Merging.swift in Sources */,
				6EDF433C1ECAEF42004B92BD /* AnswerViewPresenter.swift in Sources */,
				6EF036591EC98E1F00198F01 /* AuthTokenStorage.swift in Sources */,
				6EF036651EC9BDAD00198F01 /* ApiResponse.swift in Sources */,
				6EDF43411ECAF5E5004B92BD /* AnswerViewMock.swift in Sources */,
				6EA7E2A01EC4B11F002DF55E /* AnswerDeserializer.swift in Sources */,
				8C127C7B1EC4941000E9B5FD /* ControllerFactory.swift in Sources */,
				8C127C8C1EC4A0DE00E9B5FD /* Views.swift in Sources */,
				8C63FA171EC37C1D0080FFF9 /* MainAssembly.swift in Sources */,
				8C1918001EC3602A00519DC8 /* Router.swift in Sources */,
				8CD371AB1EC5EDDF00203620 /* ThumbsUpView.swift in Sources */,
				8CAD324D1EC36B5F00830E72 /* PinEntryViewController.swift in Sources */,
				8C127C7D1EC4965E00E9B5FD /* PinEntryAssembly.swift in Sources */,
				8C6DA0371EC5943400D31E76 /* PinEntryCodeField.swift in Sources */,
				8C664A141EC464130017687F /* RequestExecuting.swift in Sources */,
				6EA7E29E1EC4B115002DF55E /* DebateDeserializer.swift in Sources */,
				8C6DA0461EC5AAAF00D31E76 /* PinEntryControllerProviding.swift in Sources */,
				8C6127E91EC9BF8E003472A3 /* AnswersListView.swift in Sources */,
				8CD5F64B1ECC85DC0067BFC7 /* Dictionary+Mapping.swift in Sources */,
				8C664A191EC48F7A0017687F /* RequestError.swift in Sources */,
				6EF036601EC9A43D00198F01 /* Keychain+KeychainStoring.swift in Sources */,
				8C63FA151EC37BF90080FFF9 /* Assembler+Assemblies.swift in Sources */,
				6EF0365E1EC9916200198F01 /* KeychainMock.swift in Sources */,
				8C127C8A1EC4A0D100E9B5FD /* PinEntryWelcomeView.swift in Sources */,
				8C0D63091EC5DD4100421B89 /* AnswerAssembly.swift in Sources */,
				8C63FA101EC379D20080FFF9 /* AutoMockable.swift in Sources */,
				8C1917FE1EC3600F00519DC8 /* Route.swift in Sources */,
				8C127C871EC4A06C00E9B5FD /* PinEntryView.swift in Sources */,
				8CD5F6491ECC77720067BFC7 /* Promise+APIResponse.swift in Sources */,
			);
			runOnlyForDeploymentPostprocessing = 0;
		};
		8CB3AF4E1EC36E92005EEDC7 /* Sources */ = {
			isa = PBXSourcesBuildPhase;
			buildActionMask = 2147483647;
			files = (
				8C6127E51EC9AED9003472A3 /* AnswerViewControllerSpec.swift in Sources */,
				6EA7E2A31EC4B383002DF55E /* DebateDeserializerSpec.swift in Sources */,
				8C63FA1A1EC383890080FFF9 /* RouterMock.swift in Sources */,
				6EADF5591ECC493400488057 /* AlertViewMock.swift in Sources */,
				8C63FA0B1EC3767F0080FFF9 /* AppDelegateSpec.swift in Sources */,
				6EDF434C1ECB11B0004B92BD /* VoteContextSpec.swift in Sources */,
				8C6127F61EC9F7B7003472A3 /* Debate+Default.swift in Sources */,
				8C6DA0441EC59D8500D31E76 /* CurrentYearCalculatorMock.swift in Sources */,
				8CD5F6501ECC8D3E0067BFC7 /* DictionaryMergingSpec.swift in Sources */,
				6EA7E2951EC467B1002DF55E /* ApiClientSpec.swift in Sources */,
				6EDF433F1ECAEF83004B92BD /* AnswerViewPresenterSpec.swift in Sources */,
				8C6DA0411EC59B7F00D31E76 /* CurrentYearCalculatorSpec.swift in Sources */,
				6EF036631EC9B8FA00198F01 /* VoteResponseJSONMock.swift in Sources */,
				8C664A1F1EC490BB0017687F /* AuthTokenDeserializerSpec.swift in Sources */,
				8C6127F21EC9E904003472A3 /* AuthTokenStorageStub.swift in Sources */,
				6EADF55C1ECC813A00488057 /* Answer+Default.swift in Sources */,
				8C6127ED1EC9E520003472A3 /* LoginActionHandlerSpec.swift in Sources */,
				6EDF434F1ECB186F004B92BD /* VoteContext+Default.swift in Sources */,
				6EA7E2981EC46906002DF55E /* LoginResponseJSONMock.swift in Sources */,
				8CD5F64E1ECC86500067BFC7 /* DictionaryMappingSpec.swift in Sources */,
				8CD5F6521ECC8DB20067BFC7 /* Dictionary+Merging.swift in Sources */,
				8C6DA0351EC5915800D31E76 /* NavigationControllerFactorySpec.swift in Sources */,
				8C127C841EC49B2F00E9B5FD /* ControllerFactoryMock.swift in Sources */,
				8C6DA03B1EC599E300D31E76 /* PinEntryViewControllerSpec.swift in Sources */,
				8CB3AF5C1EC36EA7005EEDC7 /* RouterSpec.swift in Sources */,
				8C63FA061EC371170080FFF9 /* MainWindowFactorySpec.swift in Sources */,
				8C63FA121EC379F30080FFF9 /* AutoMockable.generated.swift in Sources */,
				6E9119B91EC5B78800B4B14B /* FetchDebateResponseJSONMock.swift in Sources */,
				6EF0365C1EC98F2A00198F01 /* AuthTokenStorageSpec.swift in Sources */,
				6E9119B61EC5B16400B4B14B /* AnswerDeserializerSpec.swift in Sources */,
				8C6DA0491EC5AC9F00D31E76 /* APIProviderStub.swift in Sources */,
				8C0D63021EC5DAEB00421B89 /* ControllerConfiguratorSpec.swift in Sources */,
			);
			runOnlyForDeploymentPostprocessing = 0;
		};
		8CDF216F1ECAFB91002B4FA4 /* Sources */ = {
			isa = PBXSourcesBuildPhase;
			buildActionMask = 2147483647;
			files = (
				8C24463D1ECD862400E87DB1 /* VerifySnapshotAction.swift in Sources */,
				8CDF217E1ECAFE4F002B4FA4 /* PinEntryScreenTests.swift in Sources */,
				8C6EC6451ECC422F009E0FBC /* AnswerScreenTests.swift in Sources */,
				8CDF21811ECB11EB002B4FA4 /* HasPlaceholder.swift in Sources */,
				857114A6CA12F10D014D97B7 /* EarlGrey.swift in Sources */,
			);
			runOnlyForDeploymentPostprocessing = 0;
		};
/* End PBXSourcesBuildPhase section */

/* Begin PBXTargetDependency section */
		8CB3AF581EC36E92005EEDC7 /* PBXTargetDependency */ = {
			isa = PBXTargetDependency;
			target = 8CAD34DE1EC34F5E00468C87 /* ELDebate */;
			targetProxy = 8CB3AF571EC36E92005EEDC7 /* PBXContainerItemProxy */;
		};
		8CDF21791ECAFB91002B4FA4 /* PBXTargetDependency */ = {
			isa = PBXTargetDependency;
			target = 8CAD34DE1EC34F5E00468C87 /* ELDebate */;
			targetProxy = 8CDF21781ECAFB91002B4FA4 /* PBXContainerItemProxy */;
		};
/* End PBXTargetDependency section */

/* Begin PBXVariantGroup section */
		8C85D8481EC34FC100C5BAE7 /* LaunchScreen.storyboard */ = {
			isa = PBXVariantGroup;
			children = (
				8C85D8491EC34FC100C5BAE7 /* Base */,
			);
			name = LaunchScreen.storyboard;
			path = .;
			sourceTree = "<group>";
		};
/* End PBXVariantGroup section */

/* Begin XCBuildConfiguration section */
		8CAD34FA1EC34F5E00468C87 /* Debug */ = {
			isa = XCBuildConfiguration;
			buildSettings = {
				ALWAYS_SEARCH_USER_PATHS = NO;
				CLANG_ANALYZER_NONNULL = YES;
				CLANG_ANALYZER_NUMBER_OBJECT_CONVERSION = YES_AGGRESSIVE;
				CLANG_CXX_LANGUAGE_STANDARD = "gnu++0x";
				CLANG_CXX_LIBRARY = "libc++";
				CLANG_ENABLE_MODULES = YES;
				CLANG_ENABLE_OBJC_ARC = YES;
				CLANG_WARN_BOOL_CONVERSION = YES;
				CLANG_WARN_CONSTANT_CONVERSION = YES;
				CLANG_WARN_DIRECT_OBJC_ISA_USAGE = YES_ERROR;
				CLANG_WARN_DOCUMENTATION_COMMENTS = YES;
				CLANG_WARN_EMPTY_BODY = YES;
				CLANG_WARN_ENUM_CONVERSION = YES;
				CLANG_WARN_INFINITE_RECURSION = YES;
				CLANG_WARN_INT_CONVERSION = YES;
				CLANG_WARN_OBJC_ROOT_CLASS = YES_ERROR;
				CLANG_WARN_SUSPICIOUS_MOVE = YES;
				CLANG_WARN_UNREACHABLE_CODE = YES;
				CLANG_WARN__DUPLICATE_METHOD_MATCH = YES;
				"CODE_SIGN_IDENTITY[sdk=iphoneos*]" = "iPhone Developer";
				COPY_PHASE_STRIP = NO;
				DEBUG_INFORMATION_FORMAT = dwarf;
				ENABLE_STRICT_OBJC_MSGSEND = YES;
				ENABLE_TESTABILITY = YES;
				GCC_C_LANGUAGE_STANDARD = gnu99;
				GCC_DYNAMIC_NO_PIC = NO;
				GCC_NO_COMMON_BLOCKS = YES;
				GCC_OPTIMIZATION_LEVEL = 0;
				GCC_PREPROCESSOR_DEFINITIONS = (
					"DEBUG=1",
					"$(inherited)",
				);
				GCC_WARN_64_TO_32_BIT_CONVERSION = YES;
				GCC_WARN_ABOUT_RETURN_TYPE = YES_ERROR;
				GCC_WARN_UNDECLARED_SELECTOR = YES;
				GCC_WARN_UNINITIALIZED_AUTOS = YES_AGGRESSIVE;
				GCC_WARN_UNUSED_FUNCTION = YES;
				GCC_WARN_UNUSED_VARIABLE = YES;
				IPHONEOS_DEPLOYMENT_TARGET = 10.3;
				MTL_ENABLE_DEBUG_INFO = YES;
				ONLY_ACTIVE_ARCH = YES;
				SDKROOT = iphoneos;
				SWIFT_ACTIVE_COMPILATION_CONDITIONS = DEBUG;
				SWIFT_OPTIMIZATION_LEVEL = "-Onone";
			};
			name = Debug;
		};
		8CAD34FB1EC34F5E00468C87 /* Release */ = {
			isa = XCBuildConfiguration;
			buildSettings = {
				ALWAYS_SEARCH_USER_PATHS = NO;
				CLANG_ANALYZER_NONNULL = YES;
				CLANG_ANALYZER_NUMBER_OBJECT_CONVERSION = YES_AGGRESSIVE;
				CLANG_CXX_LANGUAGE_STANDARD = "gnu++0x";
				CLANG_CXX_LIBRARY = "libc++";
				CLANG_ENABLE_MODULES = YES;
				CLANG_ENABLE_OBJC_ARC = YES;
				CLANG_WARN_BOOL_CONVERSION = YES;
				CLANG_WARN_CONSTANT_CONVERSION = YES;
				CLANG_WARN_DIRECT_OBJC_ISA_USAGE = YES_ERROR;
				CLANG_WARN_DOCUMENTATION_COMMENTS = YES;
				CLANG_WARN_EMPTY_BODY = YES;
				CLANG_WARN_ENUM_CONVERSION = YES;
				CLANG_WARN_INFINITE_RECURSION = YES;
				CLANG_WARN_INT_CONVERSION = YES;
				CLANG_WARN_OBJC_ROOT_CLASS = YES_ERROR;
				CLANG_WARN_SUSPICIOUS_MOVE = YES;
				CLANG_WARN_UNREACHABLE_CODE = YES;
				CLANG_WARN__DUPLICATE_METHOD_MATCH = YES;
				"CODE_SIGN_IDENTITY[sdk=iphoneos*]" = "iPhone Developer";
				COPY_PHASE_STRIP = NO;
				DEBUG_INFORMATION_FORMAT = "dwarf-with-dsym";
				ENABLE_NS_ASSERTIONS = NO;
				ENABLE_STRICT_OBJC_MSGSEND = YES;
				GCC_C_LANGUAGE_STANDARD = gnu99;
				GCC_NO_COMMON_BLOCKS = YES;
				GCC_WARN_64_TO_32_BIT_CONVERSION = YES;
				GCC_WARN_ABOUT_RETURN_TYPE = YES_ERROR;
				GCC_WARN_UNDECLARED_SELECTOR = YES;
				GCC_WARN_UNINITIALIZED_AUTOS = YES_AGGRESSIVE;
				GCC_WARN_UNUSED_FUNCTION = YES;
				GCC_WARN_UNUSED_VARIABLE = YES;
				IPHONEOS_DEPLOYMENT_TARGET = 10.3;
				MTL_ENABLE_DEBUG_INFO = NO;
				SDKROOT = iphoneos;
				SWIFT_OPTIMIZATION_LEVEL = "-Owholemodule";
				VALIDATE_PRODUCT = YES;
			};
			name = Release;
		};
		8CAD34FD1EC34F5E00468C87 /* Debug */ = {
			isa = XCBuildConfiguration;
			baseConfigurationReference = 7038F97CE28C5DDE8433B481 /* Pods-ELDebate.debug.xcconfig */;
			buildSettings = {
				ASSETCATALOG_COMPILER_APPICON_NAME = AppIcon;
				DEVELOPMENT_TEAM = H5QFB36W2F;
				INFOPLIST_FILE = "$(SRCROOT)/Resources/Info.plist";
				LD_RUNPATH_SEARCH_PATHS = "$(inherited) @executable_path/Frameworks";
				PRODUCT_BUNDLE_IDENTIFIER = pl.elpassion.ELDebate;
				PRODUCT_NAME = "$(TARGET_NAME)";
				SWIFT_VERSION = 3.0;
			};
			name = Debug;
		};
		8CAD34FE1EC34F5E00468C87 /* Release */ = {
			isa = XCBuildConfiguration;
			baseConfigurationReference = 5F67AEB94008F68BD181A24A /* Pods-ELDebate.release.xcconfig */;
			buildSettings = {
				ASSETCATALOG_COMPILER_APPICON_NAME = AppIcon;
				DEVELOPMENT_TEAM = H5QFB36W2F;
				INFOPLIST_FILE = "$(SRCROOT)/Resources/Info.plist";
				LD_RUNPATH_SEARCH_PATHS = "$(inherited) @executable_path/Frameworks";
				PRODUCT_BUNDLE_IDENTIFIER = pl.elpassion.ELDebate;
				PRODUCT_NAME = "$(TARGET_NAME)";
				SWIFT_VERSION = 3.0;
			};
			name = Release;
		};
		8CB3AF5A1EC36E92005EEDC7 /* Debug */ = {
			isa = XCBuildConfiguration;
			baseConfigurationReference = 19E287EA4ED2A64F83F5A9CB /* Pods-ELDebateTests.debug.xcconfig */;
			buildSettings = {
				BUNDLE_LOADER = "$(TEST_HOST)";
				DEVELOPMENT_TEAM = H5QFB36W2F;
				INFOPLIST_FILE = Tests/Info.plist;
				LD_RUNPATH_SEARCH_PATHS = "$(inherited) @executable_path/Frameworks @loader_path/Frameworks";
				PRODUCT_BUNDLE_IDENTIFIER = com.elpassion.ELDebateTests;
				PRODUCT_NAME = "$(TARGET_NAME)";
				SWIFT_VERSION = 3.0;
				TEST_HOST = "$(BUILT_PRODUCTS_DIR)/ELDebate.app/ELDebate";
			};
			name = Debug;
		};
		8CB3AF5B1EC36E92005EEDC7 /* Release */ = {
			isa = XCBuildConfiguration;
			baseConfigurationReference = 503584F6E31E132E68AE9835 /* Pods-ELDebateTests.release.xcconfig */;
			buildSettings = {
				BUNDLE_LOADER = "$(TEST_HOST)";
				DEVELOPMENT_TEAM = H5QFB36W2F;
				INFOPLIST_FILE = Tests/Info.plist;
				LD_RUNPATH_SEARCH_PATHS = "$(inherited) @executable_path/Frameworks @loader_path/Frameworks";
				PRODUCT_BUNDLE_IDENTIFIER = com.elpassion.ELDebateTests;
				PRODUCT_NAME = "$(TARGET_NAME)";
				SWIFT_VERSION = 3.0;
				TEST_HOST = "$(BUILT_PRODUCTS_DIR)/ELDebate.app/ELDebate";
			};
			name = Release;
		};
		8CDF217A1ECAFB91002B4FA4 /* Debug */ = {
			isa = XCBuildConfiguration;
			baseConfigurationReference = 996F3224CAB84F5F195967B0 /* Pods-FeatureTests.debug.xcconfig */;
			buildSettings = {
				BUNDLE_LOADER = "$(TEST_HOST)";
				DEVELOPMENT_TEAM = H5QFB36W2F;
				INFOPLIST_FILE = FeatureTests/Info.plist;
				LD_RUNPATH_SEARCH_PATHS = "$(inherited) @executable_path/Frameworks @loader_path/Frameworks";
				PRODUCT_BUNDLE_IDENTIFIER = com.elpassion.FeatureTests;
				PRODUCT_NAME = "$(TARGET_NAME)";
				SWIFT_VERSION = 3.0;
				TEST_HOST = "$(BUILT_PRODUCTS_DIR)/ELDebate.app/ELDebate";
			};
			name = Debug;
		};
		8CDF217B1ECAFB91002B4FA4 /* Release */ = {
			isa = XCBuildConfiguration;
			baseConfigurationReference = F279745FDA64037BEE9E67EC /* Pods-FeatureTests.release.xcconfig */;
			buildSettings = {
				BUNDLE_LOADER = "$(TEST_HOST)";
				DEVELOPMENT_TEAM = H5QFB36W2F;
				INFOPLIST_FILE = FeatureTests/Info.plist;
				LD_RUNPATH_SEARCH_PATHS = "$(inherited) @executable_path/Frameworks @loader_path/Frameworks";
				PRODUCT_BUNDLE_IDENTIFIER = com.elpassion.FeatureTests;
				PRODUCT_NAME = "$(TARGET_NAME)";
				SWIFT_VERSION = 3.0;
				TEST_HOST = "$(BUILT_PRODUCTS_DIR)/ELDebate.app/ELDebate";
			};
			name = Release;
		};
/* End XCBuildConfiguration section */

/* Begin XCConfigurationList section */
		8CAD34DA1EC34F5E00468C87 /* Build configuration list for PBXProject "ELDebate" */ = {
			isa = XCConfigurationList;
			buildConfigurations = (
				8CAD34FA1EC34F5E00468C87 /* Debug */,
				8CAD34FB1EC34F5E00468C87 /* Release */,
			);
			defaultConfigurationIsVisible = 0;
			defaultConfigurationName = Release;
		};
		8CAD34FC1EC34F5E00468C87 /* Build configuration list for PBXNativeTarget "ELDebate" */ = {
			isa = XCConfigurationList;
			buildConfigurations = (
				8CAD34FD1EC34F5E00468C87 /* Debug */,
				8CAD34FE1EC34F5E00468C87 /* Release */,
			);
			defaultConfigurationIsVisible = 0;
			defaultConfigurationName = Release;
		};
		8CB3AF591EC36E92005EEDC7 /* Build configuration list for PBXNativeTarget "ELDebateTests" */ = {
			isa = XCConfigurationList;
			buildConfigurations = (
				8CB3AF5A1EC36E92005EEDC7 /* Debug */,
				8CB3AF5B1EC36E92005EEDC7 /* Release */,
			);
			defaultConfigurationIsVisible = 0;
			defaultConfigurationName = Release;
		};
		8CDF217C1ECAFB91002B4FA4 /* Build configuration list for PBXNativeTarget "FeatureTests" */ = {
			isa = XCConfigurationList;
			buildConfigurations = (
				8CDF217A1ECAFB91002B4FA4 /* Debug */,
				8CDF217B1ECAFB91002B4FA4 /* Release */,
			);
			defaultConfigurationIsVisible = 0;
			defaultConfigurationName = Release;
		};
/* End XCConfigurationList section */
	};
	rootObject = 8CAD34D71EC34F5E00468C87 /* Project object */;
}
